
Microsoft Visual Studio Solution File, Format Version 12.00
# Visual Studio 15
VisualStudioVersion = 15.0.28307.168
MinimumVisualStudioVersion = 10.0.40219.1
Project("{FAE04EC0-301F-11D3-BF4B-00C04F79EFBC}") = "VSIXProject1", "VSIXProject1\VSIXProject1.csproj", "{B2C437CB-A2A3-4E0E-BF2E-50C36DAE917B}"
EndProject
Global
	GlobalSection(SolutionConfigurationPlatforms) = preSolution
		Debug|Any CPU = Debug|Any CPU
		Release|Any CPU = Release|Any CPU
	EndGlobalSection
	GlobalSection(ProjectConfigurationPlatforms) = postSolution
		{B2C437CB-A2A3-4E0E-BF2E-50C36DAE917B}.Debug|Any CPU.ActiveCfg = Debug|Any CPU
		{B2C437CB-A2A3-4E0E-BF2E-50C36DAE917B}.Debug|Any CPU.Build.0 = Debug|Any CPU
		{B2C437CB-A2A3-4E0E-BF2E-50C36DAE917B}.Release|Any CPU.ActiveCfg = Release|Any CPU
		{B2C437CB-A2A3-4E0E-BF2E-50C36DAE917B}.Release|Any CPU.Build.0 = Release|Any CPU
	EndGlobalSection
	GlobalSection(SolutionProperties) = preSolution
		HideSolutionNode = FALSE
	EndGlobalSection
	GlobalSection(ExtensibilityGlobals) = postSolution
		SolutionGuid = {442643A9-0235-4367-AF64-E9AB3ED3977C}
	EndGlobalSection
	GlobalSection(TeamFoundationVersionControl) = preSolution
		SccNumberOfProjects = 2
		SccEnterpriseProvider = {4CA58AB2-18FA-4F8D-95D4-32DDF27D184C}
		SccTeamFoundationServer = https://gdosborne.visualstudio.com/
		SccLocalPath0 = .
		SccProjectUniqueName1 = VSIXProject1\\VSIXProject1.csproj
		SccProjectName1 = VSIXProject1
		SccLocalPath1 = VSIXProject1
	EndGlobalSection
EndGlobal
