
Microsoft Visual Studio Solution File, Format Version 12.00
# Visual Studio 15
VisualStudioVersion = 15.0.28307.1169
MinimumVisualStudioVersion = 10.0.40219.1
Project("{FAE04EC0-301F-11D3-BF4B-00C04F79EFBC}") = "Counties", "Counties\Counties.csproj", "{8C9B3A65-0A97-4736-A4BD-9291CC93BFA7}"
EndProject
Project("{FAE04EC0-301F-11D3-BF4B-00C04F79EFBC}") = "Data", "Data\Data.csproj", "{4BEABF61-0AF3-4E56-9E49-434281322B83}"
EndProject
Global
	GlobalSection(SolutionConfigurationPlatforms) = preSolution
		Debug|Any CPU = Debug|Any CPU
		Release|Any CPU = Release|Any CPU
	EndGlobalSection
	GlobalSection(ProjectConfigurationPlatforms) = postSolution
		{8C9B3A65-0A97-4736-A4BD-9291CC93BFA7}.Debug|Any CPU.ActiveCfg = Debug|Any CPU
		{8C9B3A65-0A97-4736-A4BD-9291CC93BFA7}.Debug|Any CPU.Build.0 = Debug|Any CPU
		{8C9B3A65-0A97-4736-A4BD-9291CC93BFA7}.Release|Any CPU.ActiveCfg = Release|Any CPU
		{8C9B3A65-0A97-4736-A4BD-9291CC93BFA7}.Release|Any CPU.Build.0 = Release|Any CPU
		{4BEABF61-0AF3-4E56-9E49-434281322B83}.Debug|Any CPU.ActiveCfg = Debug|Any CPU
		{4BEABF61-0AF3-4E56-9E49-434281322B83}.Debug|Any CPU.Build.0 = Debug|Any CPU
		{4BEABF61-0AF3-4E56-9E49-434281322B83}.Release|Any CPU.ActiveCfg = Release|Any CPU
		{4BEABF61-0AF3-4E56-9E49-434281322B83}.Release|Any CPU.Build.0 = Release|Any CPU
	EndGlobalSection
	GlobalSection(SolutionProperties) = preSolution
		HideSolutionNode = FALSE
	EndGlobalSection
	GlobalSection(ExtensibilityGlobals) = postSolution
		SolutionGuid = {8CCC8EB7-EFB4-49F7-A08F-3814CED3C365}
	EndGlobalSection
	GlobalSection(TeamFoundationVersionControl) = preSolution
		SccNumberOfProjects = 3
		SccEnterpriseProvider = {4CA58AB2-18FA-4F8D-95D4-32DDF27D184C}
		SccTeamFoundationServer = https://gdosborne.visualstudio.com/
		SccLocalPath0 = .
		SccProjectUniqueName1 = Counties\\Counties.csproj
		SccProjectName1 = Counties
		SccLocalPath1 = Counties
		SccProjectUniqueName2 = Data\\Data.csproj
		SccProjectName2 = Data
		SccLocalPath2 = Data
	EndGlobalSection
EndGlobal
