
Microsoft Visual Studio Solution File, Format Version 12.00
# Visual Studio Version 17
VisualStudioVersion = 17.4.33213.308
MinimumVisualStudioVersion = 10.0.40219.1
Project("{9A19103F-16F7-4668-BE54-9A1E7A4F7556}") = "CongregationManager.Data", "CongregationManager.Data.csproj", "{BEC6FB26-C72E-4973-BE95-6BC0F91A61C4}"
EndProject
Project("{9A19103F-16F7-4668-BE54-9A1E7A4F7556}") = "ApplicationFramework", "..\..\..\Framework\ApplicationFramework\ApplicationFramework\ApplicationFramework.csproj", "{0E147A9A-5D4C-44C3-9C75-B374F2619924}"
EndProject
Global
	GlobalSection(SolutionConfigurationPlatforms) = preSolution
		Debug|Any CPU = Debug|Any CPU
		Debug|x64 = Debug|x64
		Release|Any CPU = Release|Any CPU
		Release|x64 = Release|x64
	EndGlobalSection
	GlobalSection(ProjectConfigurationPlatforms) = postSolution
		{BEC6FB26-C72E-4973-BE95-6BC0F91A61C4}.Debug|Any CPU.ActiveCfg = Debug|Any CPU
		{BEC6FB26-C72E-4973-BE95-6BC0F91A61C4}.Debug|Any CPU.Build.0 = Debug|Any CPU
		{BEC6FB26-C72E-4973-BE95-6BC0F91A61C4}.Debug|x64.ActiveCfg = Debug|x64
		{BEC6FB26-C72E-4973-BE95-6BC0F91A61C4}.Debug|x64.Build.0 = Debug|x64
		{BEC6FB26-C72E-4973-BE95-6BC0F91A61C4}.Release|Any CPU.ActiveCfg = Release|Any CPU
		{BEC6FB26-C72E-4973-BE95-6BC0F91A61C4}.Release|Any CPU.Build.0 = Release|Any CPU
		{BEC6FB26-C72E-4973-BE95-6BC0F91A61C4}.Release|x64.ActiveCfg = Release|x64
		{BEC6FB26-C72E-4973-BE95-6BC0F91A61C4}.Release|x64.Build.0 = Release|x64
		{0E147A9A-5D4C-44C3-9C75-B374F2619924}.Debug|Any CPU.ActiveCfg = Debug|Any CPU
		{0E147A9A-5D4C-44C3-9C75-B374F2619924}.Debug|Any CPU.Build.0 = Debug|Any CPU
		{0E147A9A-5D4C-44C3-9C75-B374F2619924}.Debug|x64.ActiveCfg = Debug|x64
		{0E147A9A-5D4C-44C3-9C75-B374F2619924}.Debug|x64.Build.0 = Debug|x64
		{0E147A9A-5D4C-44C3-9C75-B374F2619924}.Release|Any CPU.ActiveCfg = Release|Any CPU
		{0E147A9A-5D4C-44C3-9C75-B374F2619924}.Release|Any CPU.Build.0 = Release|Any CPU
		{0E147A9A-5D4C-44C3-9C75-B374F2619924}.Release|x64.ActiveCfg = Release|x64
		{0E147A9A-5D4C-44C3-9C75-B374F2619924}.Release|x64.Build.0 = Release|x64
	EndGlobalSection
	GlobalSection(SolutionProperties) = preSolution
		HideSolutionNode = FALSE
	EndGlobalSection
	GlobalSection(ExtensibilityGlobals) = postSolution
		SolutionGuid = {49C82728-C428-4519-A213-325C9006406E}
	EndGlobalSection
EndGlobal
