
Microsoft Visual Studio Solution File, Format Version 12.00
# Visual Studio Version 17
VisualStudioVersion = 17.9.34701.34
MinimumVisualStudioVersion = 10.0.40219.1
Project("{FAE04EC0-301F-11D3-BF4B-00C04F79EFBC}") = "BuildInno", "BuildInno\BuildInno.csproj", "{CBD13FF1-D5A4-47E6-B30D-9C90152714A3}"
EndProject
Project("{FAE04EC0-301F-11D3-BF4B-00C04F79EFBC}") = "InnoData", "InnoData\InnoData.csproj", "{7A506AFF-9F00-4125-896E-C0284CEED8FE}"
EndProject
Project("{9A19103F-16F7-4668-BE54-9A1E7A4F7556}") = "AppFramework", "..\..\..\TFS\Tools\Console\AppFramework\AppFramework.csproj", "{D17B35D2-4E5A-4512-9143-B587DB084F90}"
EndProject
Project("{FAE04EC0-301F-11D3-BF4B-00C04F79EFBC}") = "WPFControls", "WPFControls\WPFControls.csproj", "{62014D20-0884-4261-A7EE-6039FA0406D8}"
EndProject
Global
	GlobalSection(SolutionConfigurationPlatforms) = preSolution
		Debug|Any CPU = Debug|Any CPU
		Debug|x64 = Debug|x64
		Release|Any CPU = Release|Any CPU
		Release|x64 = Release|x64
	EndGlobalSection
	GlobalSection(ProjectConfigurationPlatforms) = postSolution
		{CBD13FF1-D5A4-47E6-B30D-9C90152714A3}.Debug|Any CPU.ActiveCfg = Debug|Any CPU
		{CBD13FF1-D5A4-47E6-B30D-9C90152714A3}.Debug|Any CPU.Build.0 = Debug|Any CPU
		{CBD13FF1-D5A4-47E6-B30D-9C90152714A3}.Debug|x64.ActiveCfg = Debug|x64
		{CBD13FF1-D5A4-47E6-B30D-9C90152714A3}.Debug|x64.Build.0 = Debug|x64
		{CBD13FF1-D5A4-47E6-B30D-9C90152714A3}.Release|Any CPU.ActiveCfg = Release|Any CPU
		{CBD13FF1-D5A4-47E6-B30D-9C90152714A3}.Release|Any CPU.Build.0 = Release|Any CPU
		{CBD13FF1-D5A4-47E6-B30D-9C90152714A3}.Release|x64.ActiveCfg = Release|x64
		{CBD13FF1-D5A4-47E6-B30D-9C90152714A3}.Release|x64.Build.0 = Release|x64
		{7A506AFF-9F00-4125-896E-C0284CEED8FE}.Debug|Any CPU.ActiveCfg = Debug|Any CPU
		{7A506AFF-9F00-4125-896E-C0284CEED8FE}.Debug|Any CPU.Build.0 = Debug|Any CPU
		{7A506AFF-9F00-4125-896E-C0284CEED8FE}.Debug|x64.ActiveCfg = Debug|Any CPU
		{7A506AFF-9F00-4125-896E-C0284CEED8FE}.Debug|x64.Build.0 = Debug|Any CPU
		{7A506AFF-9F00-4125-896E-C0284CEED8FE}.Release|Any CPU.ActiveCfg = Release|Any CPU
		{7A506AFF-9F00-4125-896E-C0284CEED8FE}.Release|Any CPU.Build.0 = Release|Any CPU
		{7A506AFF-9F00-4125-896E-C0284CEED8FE}.Release|x64.ActiveCfg = Release|Any CPU
		{7A506AFF-9F00-4125-896E-C0284CEED8FE}.Release|x64.Build.0 = Release|Any CPU
		{D17B35D2-4E5A-4512-9143-B587DB084F90}.Debug|Any CPU.ActiveCfg = Debug|Any CPU
		{D17B35D2-4E5A-4512-9143-B587DB084F90}.Debug|Any CPU.Build.0 = Debug|Any CPU
		{D17B35D2-4E5A-4512-9143-B587DB084F90}.Debug|x64.ActiveCfg = Debug|x64
		{D17B35D2-4E5A-4512-9143-B587DB084F90}.Debug|x64.Build.0 = Debug|x64
		{D17B35D2-4E5A-4512-9143-B587DB084F90}.Release|Any CPU.ActiveCfg = Release|Any CPU
		{D17B35D2-4E5A-4512-9143-B587DB084F90}.Release|Any CPU.Build.0 = Release|Any CPU
		{D17B35D2-4E5A-4512-9143-B587DB084F90}.Release|x64.ActiveCfg = Release|x64
		{D17B35D2-4E5A-4512-9143-B587DB084F90}.Release|x64.Build.0 = Release|x64
		{62014D20-0884-4261-A7EE-6039FA0406D8}.Debug|Any CPU.ActiveCfg = Debug|Any CPU
		{62014D20-0884-4261-A7EE-6039FA0406D8}.Debug|Any CPU.Build.0 = Debug|Any CPU
		{62014D20-0884-4261-A7EE-6039FA0406D8}.Debug|x64.ActiveCfg = Debug|Any CPU
		{62014D20-0884-4261-A7EE-6039FA0406D8}.Debug|x64.Build.0 = Debug|Any CPU
		{62014D20-0884-4261-A7EE-6039FA0406D8}.Release|Any CPU.ActiveCfg = Release|Any CPU
		{62014D20-0884-4261-A7EE-6039FA0406D8}.Release|Any CPU.Build.0 = Release|Any CPU
		{62014D20-0884-4261-A7EE-6039FA0406D8}.Release|x64.ActiveCfg = Release|Any CPU
		{62014D20-0884-4261-A7EE-6039FA0406D8}.Release|x64.Build.0 = Release|Any CPU
	EndGlobalSection
	GlobalSection(SolutionProperties) = preSolution
		HideSolutionNode = FALSE
	EndGlobalSection
	GlobalSection(ExtensibilityGlobals) = postSolution
		SolutionGuid = {66FD6FED-758E-4EC8-9559-11BB1A3CECD1}
	EndGlobalSection
EndGlobal
