
Microsoft Visual Studio Solution File, Format Version 12.00
# Visual Studio 15
VisualStudioVersion = 15.0.28307.757
MinimumVisualStudioVersion = 10.0.40219.1
Project("{FAE04EC0-301F-11D3-BF4B-00C04F79EFBC}") = "Greg.Osborne.Splash", "Greg.Osborne.Splash\Greg.Osborne.Splash.csproj", "{4ABDB0CA-D8AC-46AE-A7D6-9607CB265090}"
EndProject
Project("{FAE04EC0-301F-11D3-BF4B-00C04F79EFBC}") = "MVVMFramework", "..\MVVMFramework\MVVMFramework.csproj", "{DA87E838-FB93-441A-A6E2-444764FA284E}"
EndProject
Project("{FAE04EC0-301F-11D3-BF4B-00C04F79EFBC}") = "Application", "..\Application\Application.csproj", "{3D4BDB37-D97E-4CF3-B246-3A3F11AB9D44}"
EndProject
Project("{FAE04EC0-301F-11D3-BF4B-00C04F79EFBC}") = "StartupTest", "StartupTest\StartupTest.csproj", "{AAA6E831-1D7D-4B75-B0DE-847BA09ECB1D}"
EndProject
Global
	GlobalSection(SolutionConfigurationPlatforms) = preSolution
		Debug|Any CPU = Debug|Any CPU
		Debug|x64 = Debug|x64
		Debug|x86 = Debug|x86
		Release|Any CPU = Release|Any CPU
		Release|x64 = Release|x64
		Release|x86 = Release|x86
	EndGlobalSection
	GlobalSection(ProjectConfigurationPlatforms) = postSolution
		{4ABDB0CA-D8AC-46AE-A7D6-9607CB265090}.Debug|Any CPU.ActiveCfg = Debug|Any CPU
		{4ABDB0CA-D8AC-46AE-A7D6-9607CB265090}.Debug|Any CPU.Build.0 = Debug|Any CPU
		{4ABDB0CA-D8AC-46AE-A7D6-9607CB265090}.Debug|x64.ActiveCfg = Debug|Any CPU
		{4ABDB0CA-D8AC-46AE-A7D6-9607CB265090}.Debug|x64.Build.0 = Debug|Any CPU
		{4ABDB0CA-D8AC-46AE-A7D6-9607CB265090}.Debug|x86.ActiveCfg = Debug|Any CPU
		{4ABDB0CA-D8AC-46AE-A7D6-9607CB265090}.Debug|x86.Build.0 = Debug|Any CPU
		{4ABDB0CA-D8AC-46AE-A7D6-9607CB265090}.Release|Any CPU.ActiveCfg = Release|Any CPU
		{4ABDB0CA-D8AC-46AE-A7D6-9607CB265090}.Release|Any CPU.Build.0 = Release|Any CPU
		{4ABDB0CA-D8AC-46AE-A7D6-9607CB265090}.Release|x64.ActiveCfg = Release|Any CPU
		{4ABDB0CA-D8AC-46AE-A7D6-9607CB265090}.Release|x64.Build.0 = Release|Any CPU
		{4ABDB0CA-D8AC-46AE-A7D6-9607CB265090}.Release|x86.ActiveCfg = Release|Any CPU
		{4ABDB0CA-D8AC-46AE-A7D6-9607CB265090}.Release|x86.Build.0 = Release|Any CPU
		{DA87E838-FB93-441A-A6E2-444764FA284E}.Debug|Any CPU.ActiveCfg = Debug|Any CPU
		{DA87E838-FB93-441A-A6E2-444764FA284E}.Debug|Any CPU.Build.0 = Debug|Any CPU
		{DA87E838-FB93-441A-A6E2-444764FA284E}.Debug|x64.ActiveCfg = Debug|x64
		{DA87E838-FB93-441A-A6E2-444764FA284E}.Debug|x64.Build.0 = Debug|x64
		{DA87E838-FB93-441A-A6E2-444764FA284E}.Debug|x86.ActiveCfg = Debug|x86
		{DA87E838-FB93-441A-A6E2-444764FA284E}.Debug|x86.Build.0 = Debug|x86
		{DA87E838-FB93-441A-A6E2-444764FA284E}.Release|Any CPU.ActiveCfg = Release|Any CPU
		{DA87E838-FB93-441A-A6E2-444764FA284E}.Release|Any CPU.Build.0 = Release|Any CPU
		{DA87E838-FB93-441A-A6E2-444764FA284E}.Release|x64.ActiveCfg = Release|x64
		{DA87E838-FB93-441A-A6E2-444764FA284E}.Release|x64.Build.0 = Release|x64
		{DA87E838-FB93-441A-A6E2-444764FA284E}.Release|x86.ActiveCfg = Release|x86
		{DA87E838-FB93-441A-A6E2-444764FA284E}.Release|x86.Build.0 = Release|x86
		{3D4BDB37-D97E-4CF3-B246-3A3F11AB9D44}.Debug|Any CPU.ActiveCfg = Debug|Any CPU
		{3D4BDB37-D97E-4CF3-B246-3A3F11AB9D44}.Debug|Any CPU.Build.0 = Debug|Any CPU
		{3D4BDB37-D97E-4CF3-B246-3A3F11AB9D44}.Debug|x64.ActiveCfg = Debug|x64
		{3D4BDB37-D97E-4CF3-B246-3A3F11AB9D44}.Debug|x64.Build.0 = Debug|x64
		{3D4BDB37-D97E-4CF3-B246-3A3F11AB9D44}.Debug|x86.ActiveCfg = Debug|x86
		{3D4BDB37-D97E-4CF3-B246-3A3F11AB9D44}.Debug|x86.Build.0 = Debug|x86
		{3D4BDB37-D97E-4CF3-B246-3A3F11AB9D44}.Release|Any CPU.ActiveCfg = Release|Any CPU
		{3D4BDB37-D97E-4CF3-B246-3A3F11AB9D44}.Release|Any CPU.Build.0 = Release|Any CPU
		{3D4BDB37-D97E-4CF3-B246-3A3F11AB9D44}.Release|x64.ActiveCfg = Release|x64
		{3D4BDB37-D97E-4CF3-B246-3A3F11AB9D44}.Release|x64.Build.0 = Release|x64
		{3D4BDB37-D97E-4CF3-B246-3A3F11AB9D44}.Release|x86.ActiveCfg = Release|x86
		{3D4BDB37-D97E-4CF3-B246-3A3F11AB9D44}.Release|x86.Build.0 = Release|x86
		{AAA6E831-1D7D-4B75-B0DE-847BA09ECB1D}.Debug|Any CPU.ActiveCfg = Debug|Any CPU
		{AAA6E831-1D7D-4B75-B0DE-847BA09ECB1D}.Debug|Any CPU.Build.0 = Debug|Any CPU
		{AAA6E831-1D7D-4B75-B0DE-847BA09ECB1D}.Debug|x64.ActiveCfg = Debug|Any CPU
		{AAA6E831-1D7D-4B75-B0DE-847BA09ECB1D}.Debug|x64.Build.0 = Debug|Any CPU
		{AAA6E831-1D7D-4B75-B0DE-847BA09ECB1D}.Debug|x86.ActiveCfg = Debug|Any CPU
		{AAA6E831-1D7D-4B75-B0DE-847BA09ECB1D}.Debug|x86.Build.0 = Debug|Any CPU
		{AAA6E831-1D7D-4B75-B0DE-847BA09ECB1D}.Release|Any CPU.ActiveCfg = Release|Any CPU
		{AAA6E831-1D7D-4B75-B0DE-847BA09ECB1D}.Release|Any CPU.Build.0 = Release|Any CPU
		{AAA6E831-1D7D-4B75-B0DE-847BA09ECB1D}.Release|x64.ActiveCfg = Release|Any CPU
		{AAA6E831-1D7D-4B75-B0DE-847BA09ECB1D}.Release|x64.Build.0 = Release|Any CPU
		{AAA6E831-1D7D-4B75-B0DE-847BA09ECB1D}.Release|x86.ActiveCfg = Release|Any CPU
		{AAA6E831-1D7D-4B75-B0DE-847BA09ECB1D}.Release|x86.Build.0 = Release|Any CPU
	EndGlobalSection
	GlobalSection(SolutionProperties) = preSolution
		HideSolutionNode = FALSE
	EndGlobalSection
	GlobalSection(ExtensibilityGlobals) = postSolution
		SolutionGuid = {43001DA3-12A4-4E12-9717-897729A8C3F1}
	EndGlobalSection
	GlobalSection(TeamFoundationVersionControl) = preSolution
		SccNumberOfProjects = 5
		SccEnterpriseProvider = {4CA58AB2-18FA-4F8D-95D4-32DDF27D184C}
		SccTeamFoundationServer = https://gdosborne.visualstudio.com/
		SccLocalPath0 = .
		SccProjectUniqueName1 = Greg.Osborne.Splash\\Greg.Osborne.Splash.csproj
		SccProjectName1 = Greg.Osborne.Splash
		SccLocalPath1 = Greg.Osborne.Splash
		SccProjectUniqueName2 = ..\\MVVMFramework\\MVVMFramework.csproj
		SccProjectName2 = ../MVVMFramework
		SccLocalPath2 = ..\\MVVMFramework
		SccProjectUniqueName3 = ..\\Application\\Application.csproj
		SccProjectName3 = ../Application
		SccLocalPath3 = ..\\Application
		SccProjectUniqueName4 = StartupTest\\StartupTest.csproj
		SccProjectName4 = StartupTest
		SccLocalPath4 = StartupTest
	EndGlobalSection
EndGlobal
