
Microsoft Visual Studio Solution File, Format Version 12.00
# Visual Studio 15
VisualStudioVersion = 15.0.27130.2036
MinimumVisualStudioVersion = 10.0.40219.1
Project("{FAE04EC0-301F-11D3-BF4B-00C04F79EFBC}") = "DiskActivity", "DiskActivity\DiskActivity.csproj", "{5427AE43-E888-44F7-9FAD-410C60F3217F}"
EndProject
Project("{FAE04EC0-301F-11D3-BF4B-00C04F79EFBC}") = "Application", "..\..\..\Framework\Application\Application.csproj", "{3D4BDB37-D97E-4CF3-B246-3A3F11AB9D44}"
EndProject
Project("{FAE04EC0-301F-11D3-BF4B-00C04F79EFBC}") = "MVVMFramework", "..\..\..\Framework\MVVMFramework\MVVMFramework.csproj", "{DA87E838-FB93-441A-A6E2-444764FA284E}"
EndProject
Project("{FAE04EC0-301F-11D3-BF4B-00C04F79EFBC}") = "OSoftComponents", "..\..\..\UserControls\OSoftComponents\OSoftComponents.csproj", "{A2DA55D5-5613-4036-8336-2A2968D0BF05}"
EndProject
Global
	GlobalSection(SolutionConfigurationPlatforms) = preSolution
		Debug|Any CPU = Debug|Any CPU
		Debug|x64 = Debug|x64
		Debug|x86 = Debug|x86
		Release|Any CPU = Release|Any CPU
		Release|x64 = Release|x64
		Release|x86 = Release|x86
	EndGlobalSection
	GlobalSection(ProjectConfigurationPlatforms) = postSolution
		{5427AE43-E888-44F7-9FAD-410C60F3217F}.Debug|Any CPU.ActiveCfg = Debug|Any CPU
		{5427AE43-E888-44F7-9FAD-410C60F3217F}.Debug|Any CPU.Build.0 = Debug|Any CPU
		{5427AE43-E888-44F7-9FAD-410C60F3217F}.Debug|x64.ActiveCfg = Debug|x64
		{5427AE43-E888-44F7-9FAD-410C60F3217F}.Debug|x86.ActiveCfg = Debug|Any CPU
		{5427AE43-E888-44F7-9FAD-410C60F3217F}.Release|Any CPU.ActiveCfg = Release|Any CPU
		{5427AE43-E888-44F7-9FAD-410C60F3217F}.Release|Any CPU.Build.0 = Release|Any CPU
		{5427AE43-E888-44F7-9FAD-410C60F3217F}.Release|x64.ActiveCfg = Release|Any CPU
		{5427AE43-E888-44F7-9FAD-410C60F3217F}.Release|x86.ActiveCfg = Release|Any CPU
		{3D4BDB37-D97E-4CF3-B246-3A3F11AB9D44}.Debug|Any CPU.ActiveCfg = Debug|Any CPU
		{3D4BDB37-D97E-4CF3-B246-3A3F11AB9D44}.Debug|Any CPU.Build.0 = Debug|Any CPU
		{3D4BDB37-D97E-4CF3-B246-3A3F11AB9D44}.Debug|x64.ActiveCfg = Debug|x64
		{3D4BDB37-D97E-4CF3-B246-3A3F11AB9D44}.Debug|x64.Build.0 = Debug|x64
		{3D4BDB37-D97E-4CF3-B246-3A3F11AB9D44}.Debug|x86.ActiveCfg = Debug|x86
		{3D4BDB37-D97E-4CF3-B246-3A3F11AB9D44}.Debug|x86.Build.0 = Debug|x86
		{3D4BDB37-D97E-4CF3-B246-3A3F11AB9D44}.Release|Any CPU.ActiveCfg = Release|Any CPU
		{3D4BDB37-D97E-4CF3-B246-3A3F11AB9D44}.Release|Any CPU.Build.0 = Release|Any CPU
		{3D4BDB37-D97E-4CF3-B246-3A3F11AB9D44}.Release|x64.ActiveCfg = Release|x64
		{3D4BDB37-D97E-4CF3-B246-3A3F11AB9D44}.Release|x64.Build.0 = Release|x64
		{3D4BDB37-D97E-4CF3-B246-3A3F11AB9D44}.Release|x86.ActiveCfg = Release|x86
		{3D4BDB37-D97E-4CF3-B246-3A3F11AB9D44}.Release|x86.Build.0 = Release|x86
		{DA87E838-FB93-441A-A6E2-444764FA284E}.Debug|Any CPU.ActiveCfg = Debug|Any CPU
		{DA87E838-FB93-441A-A6E2-444764FA284E}.Debug|Any CPU.Build.0 = Debug|Any CPU
		{DA87E838-FB93-441A-A6E2-444764FA284E}.Debug|x64.ActiveCfg = Debug|x64
		{DA87E838-FB93-441A-A6E2-444764FA284E}.Debug|x64.Build.0 = Debug|x64
		{DA87E838-FB93-441A-A6E2-444764FA284E}.Debug|x86.ActiveCfg = Debug|x86
		{DA87E838-FB93-441A-A6E2-444764FA284E}.Debug|x86.Build.0 = Debug|x86
		{DA87E838-FB93-441A-A6E2-444764FA284E}.Release|Any CPU.ActiveCfg = Release|Any CPU
		{DA87E838-FB93-441A-A6E2-444764FA284E}.Release|Any CPU.Build.0 = Release|Any CPU
		{DA87E838-FB93-441A-A6E2-444764FA284E}.Release|x64.ActiveCfg = Release|x64
		{DA87E838-FB93-441A-A6E2-444764FA284E}.Release|x64.Build.0 = Release|x64
		{DA87E838-FB93-441A-A6E2-444764FA284E}.Release|x86.ActiveCfg = Release|x86
		{DA87E838-FB93-441A-A6E2-444764FA284E}.Release|x86.Build.0 = Release|x86
		{A2DA55D5-5613-4036-8336-2A2968D0BF05}.Debug|Any CPU.ActiveCfg = Debug|Any CPU
		{A2DA55D5-5613-4036-8336-2A2968D0BF05}.Debug|Any CPU.Build.0 = Debug|Any CPU
		{A2DA55D5-5613-4036-8336-2A2968D0BF05}.Debug|x64.ActiveCfg = Debug|x64
		{A2DA55D5-5613-4036-8336-2A2968D0BF05}.Debug|x64.Build.0 = Debug|x64
		{A2DA55D5-5613-4036-8336-2A2968D0BF05}.Debug|x86.ActiveCfg = Debug|Any CPU
		{A2DA55D5-5613-4036-8336-2A2968D0BF05}.Debug|x86.Build.0 = Debug|Any CPU
		{A2DA55D5-5613-4036-8336-2A2968D0BF05}.Release|Any CPU.ActiveCfg = Release|Any CPU
		{A2DA55D5-5613-4036-8336-2A2968D0BF05}.Release|Any CPU.Build.0 = Release|Any CPU
		{A2DA55D5-5613-4036-8336-2A2968D0BF05}.Release|x64.ActiveCfg = Release|x64
		{A2DA55D5-5613-4036-8336-2A2968D0BF05}.Release|x64.Build.0 = Release|x64
		{A2DA55D5-5613-4036-8336-2A2968D0BF05}.Release|x86.ActiveCfg = Release|Any CPU
		{A2DA55D5-5613-4036-8336-2A2968D0BF05}.Release|x86.Build.0 = Release|Any CPU
	EndGlobalSection
	GlobalSection(SolutionProperties) = preSolution
		HideSolutionNode = FALSE
	EndGlobalSection
	GlobalSection(ExtensibilityGlobals) = postSolution
		SolutionGuid = {B7BF77BD-2845-4941-8EBA-E87555ED095A}
	EndGlobalSection
	GlobalSection(TeamFoundationVersionControl) = preSolution
		SccNumberOfProjects = 5
		SccEnterpriseProvider = {4CA58AB2-18FA-4F8D-95D4-32DDF27D184C}
		SccTeamFoundationServer = https://gdosborne.visualstudio.com/
		SccLocalPath0 = .
		SccProjectUniqueName1 = DiskActivity\\DiskActivity.csproj
		SccProjectName1 = DiskActivity
		SccLocalPath1 = DiskActivity
		SccProjectUniqueName2 = ..\\..\\..\\Framework\\Application\\Application.csproj
		SccProjectName2 = ../../../Framework/Application
		SccLocalPath2 = ..\\..\\..\\Framework\\Application
		SccProjectUniqueName3 = ..\\..\\..\\Framework\\MVVMFramework\\MVVMFramework.csproj
		SccProjectName3 = ../../../Framework/MVVMFramework
		SccLocalPath3 = ..\\..\\..\\Framework\\MVVMFramework
		SccProjectUniqueName4 = ..\\..\\..\\UserControls\\OSoftComponents\\OSoftComponents.csproj
		SccProjectName4 = ../../../UserControls/OSoftComponents
		SccLocalPath4 = ..\\..\\..\\UserControls\\OSoftComponents
	EndGlobalSection
EndGlobal
