
Microsoft Visual Studio Solution File, Format Version 12.00
# Visual Studio 14
VisualStudioVersion = 14.0.25420.1
MinimumVisualStudioVersion = 10.0.40219.1
Project("{FAE04EC0-301F-11D3-BF4B-00C04F79EFBC}") = "Developer", "Developer\Developer.csproj", "{817CAF74-8098-4CC1-9E1A-B043372F7C45}"
EndProject
Project("{FAE04EC0-301F-11D3-BF4B-00C04F79EFBC}") = "DeveloperEntities", "DeveloperEntities\DeveloperEntities.csproj", "{FFAAB64C-7A2A-4B50-82BC-6FE0F1E0AE82}"
EndProject
Project("{FAE04EC0-301F-11D3-BF4B-00C04F79EFBC}") = "ServersExtension", "ServersExtension\ServersExtension.csproj", "{47ABE886-8F49-4A70-92D9-8444588A6A6A}"
EndProject
Project("{FAE04EC0-301F-11D3-BF4B-00C04F79EFBC}") = "FileManagerExtension", "FileManagerExtension\FileManagerExtension.csproj", "{152005CD-3515-4550-BFE9-0DBC170553D8}"
EndProject
Project("{FAE04EC0-301F-11D3-BF4B-00C04F79EFBC}") = "DesignerExtension", "DesignerExtension\DesignerExtension.csproj", "{8682E858-CCD0-4283-942F-340608617FCB}"
EndProject
Project("{FAE04EC0-301F-11D3-BF4B-00C04F79EFBC}") = "DeploymentExtension", "DeploymentExtension\DeploymentExtension.csproj", "{5AE8056D-83FE-446C-98DF-DC6F7EA90368}"
EndProject
Project("{FAE04EC0-301F-11D3-BF4B-00C04F79EFBC}") = "Application", "..\Application\Application\Application\Application.csproj", "{3D4BDB37-D97E-4CF3-B246-3A3F11AB9D44}"
EndProject
Project("{FAE04EC0-301F-11D3-BF4B-00C04F79EFBC}") = "MVVMFramework", "..\MVVMFramework\MVVMFramework.csproj", "{DA87E838-FB93-441A-A6E2-444764FA284E}"
EndProject
Project("{FAE04EC0-301F-11D3-BF4B-00C04F79EFBC}") = "Ookii.Dialogs.Wpf", "..\OkiiDialogs\Ookii.Dialogs\src\Ookii.Dialogs.Wpf\Ookii.Dialogs.Wpf.csproj", "{D01B1D20-8F5B-4834-8E5C-C7EC6DD587D4}"
EndProject
Global
	GlobalSection(SolutionConfigurationPlatforms) = preSolution
		Debug|Any CPU = Debug|Any CPU
		Debug|Mixed Platforms = Debug|Mixed Platforms
		Debug|x64 = Debug|x64
		Debug|x86 = Debug|x86
		Hybrid|Any CPU = Hybrid|Any CPU
		Hybrid|Mixed Platforms = Hybrid|Mixed Platforms
		Hybrid|x64 = Hybrid|x64
		Hybrid|x86 = Hybrid|x86
		Release|Any CPU = Release|Any CPU
		Release|Mixed Platforms = Release|Mixed Platforms
		Release|x64 = Release|x64
		Release|x86 = Release|x86
		SSL|Any CPU = SSL|Any CPU
		SSL|Mixed Platforms = SSL|Mixed Platforms
		SSL|x64 = SSL|x64
		SSL|x86 = SSL|x86
	EndGlobalSection
	GlobalSection(ProjectConfigurationPlatforms) = postSolution
		{817CAF74-8098-4CC1-9E1A-B043372F7C45}.Debug|Any CPU.ActiveCfg = Debug|Any CPU
		{817CAF74-8098-4CC1-9E1A-B043372F7C45}.Debug|Any CPU.Build.0 = Debug|Any CPU
		{817CAF74-8098-4CC1-9E1A-B043372F7C45}.Debug|Mixed Platforms.ActiveCfg = Debug|x86
		{817CAF74-8098-4CC1-9E1A-B043372F7C45}.Debug|Mixed Platforms.Build.0 = Debug|x86
		{817CAF74-8098-4CC1-9E1A-B043372F7C45}.Debug|x64.ActiveCfg = Debug|Any CPU
		{817CAF74-8098-4CC1-9E1A-B043372F7C45}.Debug|x86.ActiveCfg = Debug|x86
		{817CAF74-8098-4CC1-9E1A-B043372F7C45}.Debug|x86.Build.0 = Debug|x86
		{817CAF74-8098-4CC1-9E1A-B043372F7C45}.Hybrid|Any CPU.ActiveCfg = Release|Any CPU
		{817CAF74-8098-4CC1-9E1A-B043372F7C45}.Hybrid|Any CPU.Build.0 = Release|Any CPU
		{817CAF74-8098-4CC1-9E1A-B043372F7C45}.Hybrid|Mixed Platforms.ActiveCfg = Release|Any CPU
		{817CAF74-8098-4CC1-9E1A-B043372F7C45}.Hybrid|Mixed Platforms.Build.0 = Release|Any CPU
		{817CAF74-8098-4CC1-9E1A-B043372F7C45}.Hybrid|x64.ActiveCfg = Release|Any CPU
		{817CAF74-8098-4CC1-9E1A-B043372F7C45}.Hybrid|x86.ActiveCfg = Release|Any CPU
		{817CAF74-8098-4CC1-9E1A-B043372F7C45}.Release|Any CPU.ActiveCfg = Release|Any CPU
		{817CAF74-8098-4CC1-9E1A-B043372F7C45}.Release|Any CPU.Build.0 = Release|Any CPU
		{817CAF74-8098-4CC1-9E1A-B043372F7C45}.Release|Mixed Platforms.ActiveCfg = Release|Any CPU
		{817CAF74-8098-4CC1-9E1A-B043372F7C45}.Release|Mixed Platforms.Build.0 = Release|Any CPU
		{817CAF74-8098-4CC1-9E1A-B043372F7C45}.Release|x64.ActiveCfg = Release|Any CPU
		{817CAF74-8098-4CC1-9E1A-B043372F7C45}.Release|x86.ActiveCfg = Release|Any CPU
		{817CAF74-8098-4CC1-9E1A-B043372F7C45}.SSL|Any CPU.ActiveCfg = Release|Any CPU
		{817CAF74-8098-4CC1-9E1A-B043372F7C45}.SSL|Any CPU.Build.0 = Release|Any CPU
		{817CAF74-8098-4CC1-9E1A-B043372F7C45}.SSL|Mixed Platforms.ActiveCfg = Release|x86
		{817CAF74-8098-4CC1-9E1A-B043372F7C45}.SSL|Mixed Platforms.Build.0 = Release|x86
		{817CAF74-8098-4CC1-9E1A-B043372F7C45}.SSL|x64.ActiveCfg = Release|Any CPU
		{817CAF74-8098-4CC1-9E1A-B043372F7C45}.SSL|x86.ActiveCfg = Release|x86
		{817CAF74-8098-4CC1-9E1A-B043372F7C45}.SSL|x86.Build.0 = Release|x86
		{FFAAB64C-7A2A-4B50-82BC-6FE0F1E0AE82}.Debug|Any CPU.ActiveCfg = Debug|Any CPU
		{FFAAB64C-7A2A-4B50-82BC-6FE0F1E0AE82}.Debug|Any CPU.Build.0 = Debug|Any CPU
		{FFAAB64C-7A2A-4B50-82BC-6FE0F1E0AE82}.Debug|Mixed Platforms.ActiveCfg = Debug|x86
		{FFAAB64C-7A2A-4B50-82BC-6FE0F1E0AE82}.Debug|Mixed Platforms.Build.0 = Debug|x86
		{FFAAB64C-7A2A-4B50-82BC-6FE0F1E0AE82}.Debug|x64.ActiveCfg = Debug|Any CPU
		{FFAAB64C-7A2A-4B50-82BC-6FE0F1E0AE82}.Debug|x86.ActiveCfg = Debug|x86
		{FFAAB64C-7A2A-4B50-82BC-6FE0F1E0AE82}.Debug|x86.Build.0 = Debug|x86
		{FFAAB64C-7A2A-4B50-82BC-6FE0F1E0AE82}.Hybrid|Any CPU.ActiveCfg = Release|Any CPU
		{FFAAB64C-7A2A-4B50-82BC-6FE0F1E0AE82}.Hybrid|Any CPU.Build.0 = Release|Any CPU
		{FFAAB64C-7A2A-4B50-82BC-6FE0F1E0AE82}.Hybrid|Mixed Platforms.ActiveCfg = Release|Any CPU
		{FFAAB64C-7A2A-4B50-82BC-6FE0F1E0AE82}.Hybrid|Mixed Platforms.Build.0 = Release|Any CPU
		{FFAAB64C-7A2A-4B50-82BC-6FE0F1E0AE82}.Hybrid|x64.ActiveCfg = Release|Any CPU
		{FFAAB64C-7A2A-4B50-82BC-6FE0F1E0AE82}.Hybrid|x86.ActiveCfg = Release|Any CPU
		{FFAAB64C-7A2A-4B50-82BC-6FE0F1E0AE82}.Release|Any CPU.ActiveCfg = Release|Any CPU
		{FFAAB64C-7A2A-4B50-82BC-6FE0F1E0AE82}.Release|Any CPU.Build.0 = Release|Any CPU
		{FFAAB64C-7A2A-4B50-82BC-6FE0F1E0AE82}.Release|Mixed Platforms.ActiveCfg = Release|Any CPU
		{FFAAB64C-7A2A-4B50-82BC-6FE0F1E0AE82}.Release|Mixed Platforms.Build.0 = Release|Any CPU
		{FFAAB64C-7A2A-4B50-82BC-6FE0F1E0AE82}.Release|x64.ActiveCfg = Release|Any CPU
		{FFAAB64C-7A2A-4B50-82BC-6FE0F1E0AE82}.Release|x86.ActiveCfg = Release|Any CPU
		{FFAAB64C-7A2A-4B50-82BC-6FE0F1E0AE82}.SSL|Any CPU.ActiveCfg = Release|Any CPU
		{FFAAB64C-7A2A-4B50-82BC-6FE0F1E0AE82}.SSL|Any CPU.Build.0 = Release|Any CPU
		{FFAAB64C-7A2A-4B50-82BC-6FE0F1E0AE82}.SSL|Mixed Platforms.ActiveCfg = Release|x86
		{FFAAB64C-7A2A-4B50-82BC-6FE0F1E0AE82}.SSL|Mixed Platforms.Build.0 = Release|x86
		{FFAAB64C-7A2A-4B50-82BC-6FE0F1E0AE82}.SSL|x64.ActiveCfg = Release|Any CPU
		{FFAAB64C-7A2A-4B50-82BC-6FE0F1E0AE82}.SSL|x86.ActiveCfg = Release|x86
		{FFAAB64C-7A2A-4B50-82BC-6FE0F1E0AE82}.SSL|x86.Build.0 = Release|x86
		{47ABE886-8F49-4A70-92D9-8444588A6A6A}.Debug|Any CPU.ActiveCfg = Debug|Any CPU
		{47ABE886-8F49-4A70-92D9-8444588A6A6A}.Debug|Any CPU.Build.0 = Debug|Any CPU
		{47ABE886-8F49-4A70-92D9-8444588A6A6A}.Debug|Mixed Platforms.ActiveCfg = Debug|x86
		{47ABE886-8F49-4A70-92D9-8444588A6A6A}.Debug|Mixed Platforms.Build.0 = Debug|x86
		{47ABE886-8F49-4A70-92D9-8444588A6A6A}.Debug|x64.ActiveCfg = Debug|Any CPU
		{47ABE886-8F49-4A70-92D9-8444588A6A6A}.Debug|x86.ActiveCfg = Debug|x86
		{47ABE886-8F49-4A70-92D9-8444588A6A6A}.Debug|x86.Build.0 = Debug|x86
		{47ABE886-8F49-4A70-92D9-8444588A6A6A}.Hybrid|Any CPU.ActiveCfg = Release|Any CPU
		{47ABE886-8F49-4A70-92D9-8444588A6A6A}.Hybrid|Any CPU.Build.0 = Release|Any CPU
		{47ABE886-8F49-4A70-92D9-8444588A6A6A}.Hybrid|Mixed Platforms.ActiveCfg = Release|Any CPU
		{47ABE886-8F49-4A70-92D9-8444588A6A6A}.Hybrid|Mixed Platforms.Build.0 = Release|Any CPU
		{47ABE886-8F49-4A70-92D9-8444588A6A6A}.Hybrid|x64.ActiveCfg = Release|Any CPU
		{47ABE886-8F49-4A70-92D9-8444588A6A6A}.Hybrid|x86.ActiveCfg = Release|Any CPU
		{47ABE886-8F49-4A70-92D9-8444588A6A6A}.Release|Any CPU.ActiveCfg = Release|Any CPU
		{47ABE886-8F49-4A70-92D9-8444588A6A6A}.Release|Any CPU.Build.0 = Release|Any CPU
		{47ABE886-8F49-4A70-92D9-8444588A6A6A}.Release|Mixed Platforms.ActiveCfg = Release|Any CPU
		{47ABE886-8F49-4A70-92D9-8444588A6A6A}.Release|Mixed Platforms.Build.0 = Release|Any CPU
		{47ABE886-8F49-4A70-92D9-8444588A6A6A}.Release|x64.ActiveCfg = Release|Any CPU
		{47ABE886-8F49-4A70-92D9-8444588A6A6A}.Release|x86.ActiveCfg = Release|Any CPU
		{47ABE886-8F49-4A70-92D9-8444588A6A6A}.SSL|Any CPU.ActiveCfg = Release|Any CPU
		{47ABE886-8F49-4A70-92D9-8444588A6A6A}.SSL|Any CPU.Build.0 = Release|Any CPU
		{47ABE886-8F49-4A70-92D9-8444588A6A6A}.SSL|Mixed Platforms.ActiveCfg = Release|x86
		{47ABE886-8F49-4A70-92D9-8444588A6A6A}.SSL|Mixed Platforms.Build.0 = Release|x86
		{47ABE886-8F49-4A70-92D9-8444588A6A6A}.SSL|x64.ActiveCfg = Release|Any CPU
		{47ABE886-8F49-4A70-92D9-8444588A6A6A}.SSL|x86.ActiveCfg = Release|x86
		{47ABE886-8F49-4A70-92D9-8444588A6A6A}.SSL|x86.Build.0 = Release|x86
		{152005CD-3515-4550-BFE9-0DBC170553D8}.Debug|Any CPU.ActiveCfg = Debug|Any CPU
		{152005CD-3515-4550-BFE9-0DBC170553D8}.Debug|Any CPU.Build.0 = Debug|Any CPU
		{152005CD-3515-4550-BFE9-0DBC170553D8}.Debug|Mixed Platforms.ActiveCfg = Debug|Any CPU
		{152005CD-3515-4550-BFE9-0DBC170553D8}.Debug|Mixed Platforms.Build.0 = Debug|Any CPU
		{152005CD-3515-4550-BFE9-0DBC170553D8}.Debug|x64.ActiveCfg = Debug|Any CPU
		{152005CD-3515-4550-BFE9-0DBC170553D8}.Debug|x86.ActiveCfg = Debug|x86
		{152005CD-3515-4550-BFE9-0DBC170553D8}.Debug|x86.Build.0 = Debug|x86
		{152005CD-3515-4550-BFE9-0DBC170553D8}.Hybrid|Any CPU.ActiveCfg = Release|Any CPU
		{152005CD-3515-4550-BFE9-0DBC170553D8}.Hybrid|Any CPU.Build.0 = Release|Any CPU
		{152005CD-3515-4550-BFE9-0DBC170553D8}.Hybrid|Mixed Platforms.ActiveCfg = Release|Any CPU
		{152005CD-3515-4550-BFE9-0DBC170553D8}.Hybrid|Mixed Platforms.Build.0 = Release|Any CPU
		{152005CD-3515-4550-BFE9-0DBC170553D8}.Hybrid|x64.ActiveCfg = Release|Any CPU
		{152005CD-3515-4550-BFE9-0DBC170553D8}.Hybrid|x86.ActiveCfg = Release|Any CPU
		{152005CD-3515-4550-BFE9-0DBC170553D8}.Release|Any CPU.ActiveCfg = Release|Any CPU
		{152005CD-3515-4550-BFE9-0DBC170553D8}.Release|Any CPU.Build.0 = Release|Any CPU
		{152005CD-3515-4550-BFE9-0DBC170553D8}.Release|Mixed Platforms.ActiveCfg = Release|Any CPU
		{152005CD-3515-4550-BFE9-0DBC170553D8}.Release|Mixed Platforms.Build.0 = Release|Any CPU
		{152005CD-3515-4550-BFE9-0DBC170553D8}.Release|x64.ActiveCfg = Release|Any CPU
		{152005CD-3515-4550-BFE9-0DBC170553D8}.Release|x86.ActiveCfg = Release|Any CPU
		{152005CD-3515-4550-BFE9-0DBC170553D8}.SSL|Any CPU.ActiveCfg = Release|Any CPU
		{152005CD-3515-4550-BFE9-0DBC170553D8}.SSL|Any CPU.Build.0 = Release|Any CPU
		{152005CD-3515-4550-BFE9-0DBC170553D8}.SSL|Mixed Platforms.ActiveCfg = Release|x86
		{152005CD-3515-4550-BFE9-0DBC170553D8}.SSL|Mixed Platforms.Build.0 = Release|x86
		{152005CD-3515-4550-BFE9-0DBC170553D8}.SSL|x64.ActiveCfg = Release|Any CPU
		{152005CD-3515-4550-BFE9-0DBC170553D8}.SSL|x86.ActiveCfg = Release|x86
		{152005CD-3515-4550-BFE9-0DBC170553D8}.SSL|x86.Build.0 = Release|x86
		{8682E858-CCD0-4283-942F-340608617FCB}.Debug|Any CPU.ActiveCfg = Debug|Any CPU
		{8682E858-CCD0-4283-942F-340608617FCB}.Debug|Any CPU.Build.0 = Debug|Any CPU
		{8682E858-CCD0-4283-942F-340608617FCB}.Debug|Mixed Platforms.ActiveCfg = Debug|Any CPU
		{8682E858-CCD0-4283-942F-340608617FCB}.Debug|Mixed Platforms.Build.0 = Debug|Any CPU
		{8682E858-CCD0-4283-942F-340608617FCB}.Debug|x64.ActiveCfg = Debug|Any CPU
		{8682E858-CCD0-4283-942F-340608617FCB}.Debug|x86.ActiveCfg = Debug|x86
		{8682E858-CCD0-4283-942F-340608617FCB}.Debug|x86.Build.0 = Debug|x86
		{8682E858-CCD0-4283-942F-340608617FCB}.Hybrid|Any CPU.ActiveCfg = Release|Any CPU
		{8682E858-CCD0-4283-942F-340608617FCB}.Hybrid|Any CPU.Build.0 = Release|Any CPU
		{8682E858-CCD0-4283-942F-340608617FCB}.Hybrid|Mixed Platforms.ActiveCfg = Release|Any CPU
		{8682E858-CCD0-4283-942F-340608617FCB}.Hybrid|Mixed Platforms.Build.0 = Release|Any CPU
		{8682E858-CCD0-4283-942F-340608617FCB}.Hybrid|x64.ActiveCfg = Release|Any CPU
		{8682E858-CCD0-4283-942F-340608617FCB}.Hybrid|x86.ActiveCfg = Release|Any CPU
		{8682E858-CCD0-4283-942F-340608617FCB}.Release|Any CPU.ActiveCfg = Release|Any CPU
		{8682E858-CCD0-4283-942F-340608617FCB}.Release|Any CPU.Build.0 = Release|Any CPU
		{8682E858-CCD0-4283-942F-340608617FCB}.Release|Mixed Platforms.ActiveCfg = Release|Any CPU
		{8682E858-CCD0-4283-942F-340608617FCB}.Release|Mixed Platforms.Build.0 = Release|Any CPU
		{8682E858-CCD0-4283-942F-340608617FCB}.Release|x64.ActiveCfg = Release|Any CPU
		{8682E858-CCD0-4283-942F-340608617FCB}.Release|x86.ActiveCfg = Release|Any CPU
		{8682E858-CCD0-4283-942F-340608617FCB}.SSL|Any CPU.ActiveCfg = Release|Any CPU
		{8682E858-CCD0-4283-942F-340608617FCB}.SSL|Any CPU.Build.0 = Release|Any CPU
		{8682E858-CCD0-4283-942F-340608617FCB}.SSL|Mixed Platforms.ActiveCfg = Release|x86
		{8682E858-CCD0-4283-942F-340608617FCB}.SSL|Mixed Platforms.Build.0 = Release|x86
		{8682E858-CCD0-4283-942F-340608617FCB}.SSL|x64.ActiveCfg = Release|Any CPU
		{8682E858-CCD0-4283-942F-340608617FCB}.SSL|x86.ActiveCfg = Release|x86
		{8682E858-CCD0-4283-942F-340608617FCB}.SSL|x86.Build.0 = Release|x86
		{5AE8056D-83FE-446C-98DF-DC6F7EA90368}.Debug|Any CPU.ActiveCfg = Debug|Any CPU
		{5AE8056D-83FE-446C-98DF-DC6F7EA90368}.Debug|Any CPU.Build.0 = Debug|Any CPU
		{5AE8056D-83FE-446C-98DF-DC6F7EA90368}.Debug|Mixed Platforms.ActiveCfg = Debug|Any CPU
		{5AE8056D-83FE-446C-98DF-DC6F7EA90368}.Debug|Mixed Platforms.Build.0 = Debug|Any CPU
		{5AE8056D-83FE-446C-98DF-DC6F7EA90368}.Debug|x64.ActiveCfg = Debug|Any CPU
		{5AE8056D-83FE-446C-98DF-DC6F7EA90368}.Debug|x86.ActiveCfg = Debug|x86
		{5AE8056D-83FE-446C-98DF-DC6F7EA90368}.Debug|x86.Build.0 = Debug|x86
		{5AE8056D-83FE-446C-98DF-DC6F7EA90368}.Hybrid|Any CPU.ActiveCfg = Release|Any CPU
		{5AE8056D-83FE-446C-98DF-DC6F7EA90368}.Hybrid|Any CPU.Build.0 = Release|Any CPU
		{5AE8056D-83FE-446C-98DF-DC6F7EA90368}.Hybrid|Mixed Platforms.ActiveCfg = Release|Any CPU
		{5AE8056D-83FE-446C-98DF-DC6F7EA90368}.Hybrid|Mixed Platforms.Build.0 = Release|Any CPU
		{5AE8056D-83FE-446C-98DF-DC6F7EA90368}.Hybrid|x64.ActiveCfg = Release|Any CPU
		{5AE8056D-83FE-446C-98DF-DC6F7EA90368}.Hybrid|x86.ActiveCfg = Release|Any CPU
		{5AE8056D-83FE-446C-98DF-DC6F7EA90368}.Release|Any CPU.ActiveCfg = Release|Any CPU
		{5AE8056D-83FE-446C-98DF-DC6F7EA90368}.Release|Any CPU.Build.0 = Release|Any CPU
		{5AE8056D-83FE-446C-98DF-DC6F7EA90368}.Release|Mixed Platforms.ActiveCfg = Release|Any CPU
		{5AE8056D-83FE-446C-98DF-DC6F7EA90368}.Release|Mixed Platforms.Build.0 = Release|Any CPU
		{5AE8056D-83FE-446C-98DF-DC6F7EA90368}.Release|x64.ActiveCfg = Release|Any CPU
		{5AE8056D-83FE-446C-98DF-DC6F7EA90368}.Release|x86.ActiveCfg = Release|Any CPU
		{5AE8056D-83FE-446C-98DF-DC6F7EA90368}.SSL|Any CPU.ActiveCfg = Release|Any CPU
		{5AE8056D-83FE-446C-98DF-DC6F7EA90368}.SSL|Any CPU.Build.0 = Release|Any CPU
		{5AE8056D-83FE-446C-98DF-DC6F7EA90368}.SSL|Mixed Platforms.ActiveCfg = Release|x86
		{5AE8056D-83FE-446C-98DF-DC6F7EA90368}.SSL|Mixed Platforms.Build.0 = Release|x86
		{5AE8056D-83FE-446C-98DF-DC6F7EA90368}.SSL|x64.ActiveCfg = Release|Any CPU
		{5AE8056D-83FE-446C-98DF-DC6F7EA90368}.SSL|x86.ActiveCfg = Release|x86
		{5AE8056D-83FE-446C-98DF-DC6F7EA90368}.SSL|x86.Build.0 = Release|x86
		{3D4BDB37-D97E-4CF3-B246-3A3F11AB9D44}.Debug|Any CPU.ActiveCfg = Debug|x86
		{3D4BDB37-D97E-4CF3-B246-3A3F11AB9D44}.Debug|Mixed Platforms.ActiveCfg = Debug|x86
		{3D4BDB37-D97E-4CF3-B246-3A3F11AB9D44}.Debug|Mixed Platforms.Build.0 = Debug|x86
		{3D4BDB37-D97E-4CF3-B246-3A3F11AB9D44}.Debug|x64.ActiveCfg = Debug|x64
		{3D4BDB37-D97E-4CF3-B246-3A3F11AB9D44}.Debug|x64.Build.0 = Debug|x64
		{3D4BDB37-D97E-4CF3-B246-3A3F11AB9D44}.Debug|x86.ActiveCfg = Debug|x86
		{3D4BDB37-D97E-4CF3-B246-3A3F11AB9D44}.Debug|x86.Build.0 = Debug|x86
		{3D4BDB37-D97E-4CF3-B246-3A3F11AB9D44}.Hybrid|Any CPU.ActiveCfg = Release|x86
		{3D4BDB37-D97E-4CF3-B246-3A3F11AB9D44}.Hybrid|Any CPU.Build.0 = Release|x86
		{3D4BDB37-D97E-4CF3-B246-3A3F11AB9D44}.Hybrid|Mixed Platforms.ActiveCfg = Release|x86
		{3D4BDB37-D97E-4CF3-B246-3A3F11AB9D44}.Hybrid|Mixed Platforms.Build.0 = Release|x86
		{3D4BDB37-D97E-4CF3-B246-3A3F11AB9D44}.Hybrid|x64.ActiveCfg = Release|x64
		{3D4BDB37-D97E-4CF3-B246-3A3F11AB9D44}.Hybrid|x64.Build.0 = Release|x64
		{3D4BDB37-D97E-4CF3-B246-3A3F11AB9D44}.Hybrid|x86.ActiveCfg = Release|x86
		{3D4BDB37-D97E-4CF3-B246-3A3F11AB9D44}.Hybrid|x86.Build.0 = Release|x86
		{3D4BDB37-D97E-4CF3-B246-3A3F11AB9D44}.Release|Any CPU.ActiveCfg = Release|x86
		{3D4BDB37-D97E-4CF3-B246-3A3F11AB9D44}.Release|Mixed Platforms.ActiveCfg = Release|x86
		{3D4BDB37-D97E-4CF3-B246-3A3F11AB9D44}.Release|Mixed Platforms.Build.0 = Release|x86
		{3D4BDB37-D97E-4CF3-B246-3A3F11AB9D44}.Release|x64.ActiveCfg = Release|x64
		{3D4BDB37-D97E-4CF3-B246-3A3F11AB9D44}.Release|x64.Build.0 = Release|x64
		{3D4BDB37-D97E-4CF3-B246-3A3F11AB9D44}.Release|x86.ActiveCfg = Release|x86
		{3D4BDB37-D97E-4CF3-B246-3A3F11AB9D44}.Release|x86.Build.0 = Release|x86
		{3D4BDB37-D97E-4CF3-B246-3A3F11AB9D44}.SSL|Any CPU.ActiveCfg = Release|x86
		{3D4BDB37-D97E-4CF3-B246-3A3F11AB9D44}.SSL|Any CPU.Build.0 = Release|x86
		{3D4BDB37-D97E-4CF3-B246-3A3F11AB9D44}.SSL|Mixed Platforms.ActiveCfg = Release|x86
		{3D4BDB37-D97E-4CF3-B246-3A3F11AB9D44}.SSL|Mixed Platforms.Build.0 = Release|x86
		{3D4BDB37-D97E-4CF3-B246-3A3F11AB9D44}.SSL|x64.ActiveCfg = Release|x64
		{3D4BDB37-D97E-4CF3-B246-3A3F11AB9D44}.SSL|x64.Build.0 = Release|x64
		{3D4BDB37-D97E-4CF3-B246-3A3F11AB9D44}.SSL|x86.ActiveCfg = Release|x86
		{3D4BDB37-D97E-4CF3-B246-3A3F11AB9D44}.SSL|x86.Build.0 = Release|x86
		{DA87E838-FB93-441A-A6E2-444764FA284E}.Debug|Any CPU.ActiveCfg = Debug|x86
		{DA87E838-FB93-441A-A6E2-444764FA284E}.Debug|Mixed Platforms.ActiveCfg = Debug|x86
		{DA87E838-FB93-441A-A6E2-444764FA284E}.Debug|Mixed Platforms.Build.0 = Debug|x86
		{DA87E838-FB93-441A-A6E2-444764FA284E}.Debug|x64.ActiveCfg = Debug|x64
		{DA87E838-FB93-441A-A6E2-444764FA284E}.Debug|x64.Build.0 = Debug|x64
		{DA87E838-FB93-441A-A6E2-444764FA284E}.Debug|x86.ActiveCfg = Debug|x86
		{DA87E838-FB93-441A-A6E2-444764FA284E}.Debug|x86.Build.0 = Debug|x86
		{DA87E838-FB93-441A-A6E2-444764FA284E}.Hybrid|Any CPU.ActiveCfg = Release|x86
		{DA87E838-FB93-441A-A6E2-444764FA284E}.Hybrid|Any CPU.Build.0 = Release|x86
		{DA87E838-FB93-441A-A6E2-444764FA284E}.Hybrid|Mixed Platforms.ActiveCfg = Release|x86
		{DA87E838-FB93-441A-A6E2-444764FA284E}.Hybrid|Mixed Platforms.Build.0 = Release|x86
		{DA87E838-FB93-441A-A6E2-444764FA284E}.Hybrid|x64.ActiveCfg = Release|x64
		{DA87E838-FB93-441A-A6E2-444764FA284E}.Hybrid|x64.Build.0 = Release|x64
		{DA87E838-FB93-441A-A6E2-444764FA284E}.Hybrid|x86.ActiveCfg = Release|x86
		{DA87E838-FB93-441A-A6E2-444764FA284E}.Hybrid|x86.Build.0 = Release|x86
		{DA87E838-FB93-441A-A6E2-444764FA284E}.Release|Any CPU.ActiveCfg = Release|x86
		{DA87E838-FB93-441A-A6E2-444764FA284E}.Release|Mixed Platforms.ActiveCfg = Release|x86
		{DA87E838-FB93-441A-A6E2-444764FA284E}.Release|Mixed Platforms.Build.0 = Release|x86
		{DA87E838-FB93-441A-A6E2-444764FA284E}.Release|x64.ActiveCfg = Release|x64
		{DA87E838-FB93-441A-A6E2-444764FA284E}.Release|x64.Build.0 = Release|x64
		{DA87E838-FB93-441A-A6E2-444764FA284E}.Release|x86.ActiveCfg = Release|x86
		{DA87E838-FB93-441A-A6E2-444764FA284E}.Release|x86.Build.0 = Release|x86
		{DA87E838-FB93-441A-A6E2-444764FA284E}.SSL|Any CPU.ActiveCfg = Release|x86
		{DA87E838-FB93-441A-A6E2-444764FA284E}.SSL|Any CPU.Build.0 = Release|x86
		{DA87E838-FB93-441A-A6E2-444764FA284E}.SSL|Mixed Platforms.ActiveCfg = Release|x86
		{DA87E838-FB93-441A-A6E2-444764FA284E}.SSL|Mixed Platforms.Build.0 = Release|x86
		{DA87E838-FB93-441A-A6E2-444764FA284E}.SSL|x64.ActiveCfg = Release|x64
		{DA87E838-FB93-441A-A6E2-444764FA284E}.SSL|x64.Build.0 = Release|x64
		{DA87E838-FB93-441A-A6E2-444764FA284E}.SSL|x86.ActiveCfg = Release|x86
		{DA87E838-FB93-441A-A6E2-444764FA284E}.SSL|x86.Build.0 = Release|x86
		{D01B1D20-8F5B-4834-8E5C-C7EC6DD587D4}.Debug|Any CPU.ActiveCfg = Debug|Any CPU
		{D01B1D20-8F5B-4834-8E5C-C7EC6DD587D4}.Debug|Any CPU.Build.0 = Debug|Any CPU
		{D01B1D20-8F5B-4834-8E5C-C7EC6DD587D4}.Debug|Mixed Platforms.ActiveCfg = Debug|x86
		{D01B1D20-8F5B-4834-8E5C-C7EC6DD587D4}.Debug|Mixed Platforms.Build.0 = Debug|x86
		{D01B1D20-8F5B-4834-8E5C-C7EC6DD587D4}.Debug|x64.ActiveCfg = Debug|x64
		{D01B1D20-8F5B-4834-8E5C-C7EC6DD587D4}.Debug|x64.Build.0 = Debug|x64
		{D01B1D20-8F5B-4834-8E5C-C7EC6DD587D4}.Debug|x86.ActiveCfg = Debug|x86
		{D01B1D20-8F5B-4834-8E5C-C7EC6DD587D4}.Debug|x86.Build.0 = Debug|x86
		{D01B1D20-8F5B-4834-8E5C-C7EC6DD587D4}.Hybrid|Any CPU.ActiveCfg = Release|Any CPU
		{D01B1D20-8F5B-4834-8E5C-C7EC6DD587D4}.Hybrid|Any CPU.Build.0 = Release|Any CPU
		{D01B1D20-8F5B-4834-8E5C-C7EC6DD587D4}.Hybrid|Mixed Platforms.ActiveCfg = Release|x86
		{D01B1D20-8F5B-4834-8E5C-C7EC6DD587D4}.Hybrid|Mixed Platforms.Build.0 = Release|x86
		{D01B1D20-8F5B-4834-8E5C-C7EC6DD587D4}.Hybrid|x64.ActiveCfg = Release|x64
		{D01B1D20-8F5B-4834-8E5C-C7EC6DD587D4}.Hybrid|x64.Build.0 = Release|x64
		{D01B1D20-8F5B-4834-8E5C-C7EC6DD587D4}.Hybrid|x86.ActiveCfg = Release|x86
		{D01B1D20-8F5B-4834-8E5C-C7EC6DD587D4}.Hybrid|x86.Build.0 = Release|x86
		{D01B1D20-8F5B-4834-8E5C-C7EC6DD587D4}.Release|Any CPU.ActiveCfg = Release|Any CPU
		{D01B1D20-8F5B-4834-8E5C-C7EC6DD587D4}.Release|Any CPU.Build.0 = Release|Any CPU
		{D01B1D20-8F5B-4834-8E5C-C7EC6DD587D4}.Release|Mixed Platforms.ActiveCfg = Release|x86
		{D01B1D20-8F5B-4834-8E5C-C7EC6DD587D4}.Release|Mixed Platforms.Build.0 = Release|x86
		{D01B1D20-8F5B-4834-8E5C-C7EC6DD587D4}.Release|x64.ActiveCfg = Release|x64
		{D01B1D20-8F5B-4834-8E5C-C7EC6DD587D4}.Release|x64.Build.0 = Release|x64
		{D01B1D20-8F5B-4834-8E5C-C7EC6DD587D4}.Release|x86.ActiveCfg = Release|x86
		{D01B1D20-8F5B-4834-8E5C-C7EC6DD587D4}.Release|x86.Build.0 = Release|x86
		{D01B1D20-8F5B-4834-8E5C-C7EC6DD587D4}.SSL|Any CPU.ActiveCfg = Release|Any CPU
		{D01B1D20-8F5B-4834-8E5C-C7EC6DD587D4}.SSL|Any CPU.Build.0 = Release|Any CPU
		{D01B1D20-8F5B-4834-8E5C-C7EC6DD587D4}.SSL|Mixed Platforms.ActiveCfg = Release|x86
		{D01B1D20-8F5B-4834-8E5C-C7EC6DD587D4}.SSL|Mixed Platforms.Build.0 = Release|x86
		{D01B1D20-8F5B-4834-8E5C-C7EC6DD587D4}.SSL|x64.ActiveCfg = Release|x64
		{D01B1D20-8F5B-4834-8E5C-C7EC6DD587D4}.SSL|x64.Build.0 = Release|x64
		{D01B1D20-8F5B-4834-8E5C-C7EC6DD587D4}.SSL|x86.ActiveCfg = Release|x86
		{D01B1D20-8F5B-4834-8E5C-C7EC6DD587D4}.SSL|x86.Build.0 = Release|x86
	EndGlobalSection
	GlobalSection(SolutionProperties) = preSolution
		HideSolutionNode = FALSE
	EndGlobalSection
	GlobalSection(TeamFoundationVersionControl) = preSolution
		SccNumberOfProjects = 10
		SccEnterpriseProvider = {4CA58AB2-18FA-4F8D-95D4-32DDF27D184C}
		SccTeamFoundationServer = https://gdosborne.visualstudio.com/defaultcollection
		SccLocalPath0 = .
		SccProjectUniqueName1 = DesignerExtension\\DesignerExtension.csproj
		SccProjectName1 = DesignerExtension
		SccLocalPath1 = DesignerExtension
		SccProjectUniqueName2 = Developer\\Developer.csproj
		SccProjectName2 = Developer
		SccLocalPath2 = Developer
		SccProjectUniqueName3 = DeveloperEntities\\DeveloperEntities.csproj
		SccProjectName3 = DeveloperEntities
		SccLocalPath3 = DeveloperEntities
		SccProjectUniqueName4 = FileManagerExtension\\FileManagerExtension.csproj
		SccProjectName4 = FileManagerExtension
		SccLocalPath4 = FileManagerExtension
		SccProjectUniqueName5 = ServersExtension\\ServersExtension.csproj
		SccProjectName5 = ServersExtension
		SccLocalPath5 = ServersExtension
		SccProjectUniqueName6 = DeploymentExtension\\DeploymentExtension.csproj
		SccProjectName6 = DeploymentExtension
		SccLocalPath6 = DeploymentExtension
		SccProjectUniqueName7 = ..\\Application\\Application\\Application\\Application.csproj
		SccProjectName7 = ../Application/Application/Application
		SccLocalPath7 = ..\\Application\\Application\\Application
		SccProjectUniqueName8 = ..\\MVVMFramework\\MVVMFramework.csproj
		SccProjectName8 = ../MVVMFramework
		SccLocalPath8 = ..\\MVVMFramework
		SccProjectUniqueName9 = ..\\OkiiDialogs\\Ookii.Dialogs\\src\\Ookii.Dialogs.Wpf\\Ookii.Dialogs.Wpf.csproj
		SccProjectName9 = ../OkiiDialogs/Ookii.Dialogs/src/Ookii.Dialogs.Wpf
		SccLocalPath9 = ..\\OkiiDialogs\\Ookii.Dialogs\\src\\Ookii.Dialogs.Wpf
	EndGlobalSection
EndGlobal
