
Microsoft Visual Studio Solution File, Format Version 12.00
# Visual Studio 2013
VisualStudioVersion = 12.0.40629.0
MinimumVisualStudioVersion = 10.0.40219.1
Project("{FAE04EC0-301F-11D3-BF4B-00C04F79EFBC}") = "ORD", "ORD\ORD.csproj", "{8FE705F8-CDCD-4667-A5B3-6AC3B6F3786A}"
EndProject
Project("{FAE04EC0-301F-11D3-BF4B-00C04F79EFBC}") = "MVVMFramework", "..\MVVMFramework\MVVMFramework.csproj", "{DA87E838-FB93-441A-A6E2-444764FA284E}"
EndProject
Project("{FAE04EC0-301F-11D3-BF4B-00C04F79EFBC}") = "Ookii.Dialogs.Wpf", "..\OkiiDialogs\Ookii.Dialogs\src\Ookii.Dialogs.Wpf\Ookii.Dialogs.Wpf.csproj", "{D01B1D20-8F5B-4834-8E5C-C7EC6DD587D4}"
EndProject
Project("{FAE04EC0-301F-11D3-BF4B-00C04F79EFBC}") = "fDefs", "..\..\..\..\..\..\_Main\_X8\fComponents\fDefs\fDefs\fDefs.csproj", "{FA793B00-50DE-4721-9814-D4A9EF39D6C8}"
EndProject
Project("{8BC9CEB8-8B4A-11D0-8D11-00A0C91BC942}") = "fADCSServices", "..\..\..\..\..\..\_Main\_X8\fComponents\fADCSServices\fADCSServices.vcxproj", "{CD05A919-B158-47FB-AC83-AEE5111CC43C}"
EndProject
Project("{FAE04EC0-301F-11D3-BF4B-00C04F79EFBC}") = "fApplication", "..\..\..\..\..\..\_Main\_X8\fComponents\fApplication\fApplication\fApplication.csproj", "{577A2E28-1C3D-49E4-921E-0A63135B5B3F}"
EndProject
Project("{FAE04EC0-301F-11D3-BF4B-00C04F79EFBC}") = "fDiagnostics", "..\..\..\..\..\..\_Main\_X8\fComponents\fDiagnostics\fDiagnostics\fDiagnostics.csproj", "{8346A0BC-9195-455B-8686-6C2A323C8EFE}"
EndProject
Project("{FAE04EC0-301F-11D3-BF4B-00C04F79EFBC}") = "ORDModel", "ORDModel\ORDModel.csproj", "{3AA24832-70A6-44C7-AF92-6C4D04DBAD7F}"
EndProject
Project("{FAE04EC0-301F-11D3-BF4B-00C04F79EFBC}") = "ORDControls", "ORDControls\ORDControls.csproj", "{ECCA9E19-8B45-4A88-9261-E6BCB85C64FB}"
EndProject
Global
	GlobalSection(TeamFoundationVersionControl) = preSolution
		SccNumberOfProjects = 10
		SccEnterpriseProvider = {4CA58AB2-18FA-4F8D-95D4-32DDF27D184C}
		SccTeamFoundationServer = https://gdosborne.visualstudio.com/defaultcollection
		SccLocalPath0 = .
		SccProjectUniqueName1 = ORD\\ORD.csproj
		SccProjectName1 = ORD
		SccLocalPath1 = ORD
		SccProjectUniqueName2 = ..\\MVVMFramework\\MVVMFramework.csproj
		SccProjectName2 = ../MVVMFramework
		SccLocalPath2 = ..\\MVVMFramework
		SccProjectUniqueName3 = ..\\OkiiDialogs\\Ookii.Dialogs\\src\\Ookii.Dialogs.Wpf\\Ookii.Dialogs.Wpf.csproj
		SccProjectName3 = ../OkiiDialogs/Ookii.Dialogs/src/Ookii.Dialogs.Wpf
		SccLocalPath3 = ..\\OkiiDialogs\\Ookii.Dialogs\\src\\Ookii.Dialogs.Wpf
		SccProjectUniqueName4 = ..\\..\\..\\..\\..\\..\\_Main\\_X8\\fComponents\\fDefs\\fDefs\\fDefs.csproj
		SccProjectName4 = fDefs
		SccLocalPath4 = ..\\..\\..\\..\\..\\..\\_Main\\_X8\\fComponents\\fDefs\\fDefs
		SccProjectUniqueName5 = ..\\..\\..\\..\\..\\..\\_Main\\_X8\\fComponents\\fDiagnostics\\fDiagnostics\\fDiagnostics.csproj
		SccProjectName5 = fDiagnostics
		SccLocalPath5 = ..\\..\\..\\..\\..\\..\\_Main\\_X8\\fComponents\\fDiagnostics\\fDiagnostics
		SccProjectUniqueName6 = ..\\..\\..\\..\\..\\..\\_Main\\_X8\\fComponents\\fADCSServices\\fADCSServices.vcxproj
		SccProjectName6 = fADCSServices
		SccLocalPath6 = ..\\..\\..\\..\\..\\..\\_Main\\_X8\\fComponents\\fADCSServices
		SccProjectUniqueName7 = ..\\..\\..\\..\\..\\..\\_Main\\_X8\\fComponents\\fApplication\\fApplication\\fApplication.csproj
		SccProjectName7 = fApplication
		SccLocalPath7 = ..\\..\\..\\..\\..\\..\\_Main\\_X8\\fComponents\\fApplication\\fApplication
		SccProjectUniqueName8 = ORDModel\\ORDModel.csproj
		SccProjectName8 = ORDModel
		SccLocalPath8 = ORDModel
		SccProjectUniqueName9 = ORDControls\\ORDControls.csproj
		SccProjectName9 = ORDControls
		SccLocalPath9 = ORDControls
	EndGlobalSection
	GlobalSection(SolutionConfigurationPlatforms) = preSolution
		Debug|Any CPU = Debug|Any CPU
		Debug|Mixed Platforms = Debug|Mixed Platforms
		Debug|Win32 = Debug|Win32
		Debug|x64 = Debug|x64
		Debug|x86 = Debug|x86
		Release|Any CPU = Release|Any CPU
		Release|Mixed Platforms = Release|Mixed Platforms
		Release|Win32 = Release|Win32
		Release|x64 = Release|x64
		Release|x86 = Release|x86
	EndGlobalSection
	GlobalSection(ProjectConfigurationPlatforms) = postSolution
		{8FE705F8-CDCD-4667-A5B3-6AC3B6F3786A}.Debug|Any CPU.ActiveCfg = Debug|Any CPU
		{8FE705F8-CDCD-4667-A5B3-6AC3B6F3786A}.Debug|Any CPU.Build.0 = Debug|Any CPU
		{8FE705F8-CDCD-4667-A5B3-6AC3B6F3786A}.Debug|Mixed Platforms.ActiveCfg = Debug|Any CPU
		{8FE705F8-CDCD-4667-A5B3-6AC3B6F3786A}.Debug|Mixed Platforms.Build.0 = Debug|Any CPU
		{8FE705F8-CDCD-4667-A5B3-6AC3B6F3786A}.Debug|Win32.ActiveCfg = Debug|Any CPU
		{8FE705F8-CDCD-4667-A5B3-6AC3B6F3786A}.Debug|x64.ActiveCfg = Debug|Any CPU
		{8FE705F8-CDCD-4667-A5B3-6AC3B6F3786A}.Debug|x86.ActiveCfg = Debug|Any CPU
		{8FE705F8-CDCD-4667-A5B3-6AC3B6F3786A}.Release|Any CPU.ActiveCfg = Release|Any CPU
		{8FE705F8-CDCD-4667-A5B3-6AC3B6F3786A}.Release|Any CPU.Build.0 = Release|Any CPU
		{8FE705F8-CDCD-4667-A5B3-6AC3B6F3786A}.Release|Mixed Platforms.ActiveCfg = Release|Any CPU
		{8FE705F8-CDCD-4667-A5B3-6AC3B6F3786A}.Release|Mixed Platforms.Build.0 = Release|Any CPU
		{8FE705F8-CDCD-4667-A5B3-6AC3B6F3786A}.Release|Win32.ActiveCfg = Release|Any CPU
		{8FE705F8-CDCD-4667-A5B3-6AC3B6F3786A}.Release|x64.ActiveCfg = Release|Any CPU
		{8FE705F8-CDCD-4667-A5B3-6AC3B6F3786A}.Release|x86.ActiveCfg = Release|Any CPU
		{DA87E838-FB93-441A-A6E2-444764FA284E}.Debug|Any CPU.ActiveCfg = Debug|Any CPU
		{DA87E838-FB93-441A-A6E2-444764FA284E}.Debug|Any CPU.Build.0 = Debug|Any CPU
		{DA87E838-FB93-441A-A6E2-444764FA284E}.Debug|Mixed Platforms.ActiveCfg = Debug|x86
		{DA87E838-FB93-441A-A6E2-444764FA284E}.Debug|Mixed Platforms.Build.0 = Debug|x86
		{DA87E838-FB93-441A-A6E2-444764FA284E}.Debug|Win32.ActiveCfg = Debug|x86
		{DA87E838-FB93-441A-A6E2-444764FA284E}.Debug|Win32.Build.0 = Debug|x86
		{DA87E838-FB93-441A-A6E2-444764FA284E}.Debug|x64.ActiveCfg = Debug|x64
		{DA87E838-FB93-441A-A6E2-444764FA284E}.Debug|x64.Build.0 = Debug|x64
		{DA87E838-FB93-441A-A6E2-444764FA284E}.Debug|x86.ActiveCfg = Debug|x86
		{DA87E838-FB93-441A-A6E2-444764FA284E}.Debug|x86.Build.0 = Debug|x86
		{DA87E838-FB93-441A-A6E2-444764FA284E}.Release|Any CPU.ActiveCfg = Release|Any CPU
		{DA87E838-FB93-441A-A6E2-444764FA284E}.Release|Any CPU.Build.0 = Release|Any CPU
		{DA87E838-FB93-441A-A6E2-444764FA284E}.Release|Mixed Platforms.ActiveCfg = Release|x86
		{DA87E838-FB93-441A-A6E2-444764FA284E}.Release|Mixed Platforms.Build.0 = Release|x86
		{DA87E838-FB93-441A-A6E2-444764FA284E}.Release|Win32.ActiveCfg = Release|x86
		{DA87E838-FB93-441A-A6E2-444764FA284E}.Release|Win32.Build.0 = Release|x86
		{DA87E838-FB93-441A-A6E2-444764FA284E}.Release|x64.ActiveCfg = Release|x64
		{DA87E838-FB93-441A-A6E2-444764FA284E}.Release|x64.Build.0 = Release|x64
		{DA87E838-FB93-441A-A6E2-444764FA284E}.Release|x86.ActiveCfg = Release|x86
		{DA87E838-FB93-441A-A6E2-444764FA284E}.Release|x86.Build.0 = Release|x86
		{D01B1D20-8F5B-4834-8E5C-C7EC6DD587D4}.Debug|Any CPU.ActiveCfg = Debug|Any CPU
		{D01B1D20-8F5B-4834-8E5C-C7EC6DD587D4}.Debug|Any CPU.Build.0 = Debug|Any CPU
		{D01B1D20-8F5B-4834-8E5C-C7EC6DD587D4}.Debug|Mixed Platforms.ActiveCfg = Debug|x86
		{D01B1D20-8F5B-4834-8E5C-C7EC6DD587D4}.Debug|Mixed Platforms.Build.0 = Debug|x86
		{D01B1D20-8F5B-4834-8E5C-C7EC6DD587D4}.Debug|Win32.ActiveCfg = Debug|x86
		{D01B1D20-8F5B-4834-8E5C-C7EC6DD587D4}.Debug|Win32.Build.0 = Debug|x86
		{D01B1D20-8F5B-4834-8E5C-C7EC6DD587D4}.Debug|x64.ActiveCfg = Debug|x64
		{D01B1D20-8F5B-4834-8E5C-C7EC6DD587D4}.Debug|x64.Build.0 = Debug|x64
		{D01B1D20-8F5B-4834-8E5C-C7EC6DD587D4}.Debug|x86.ActiveCfg = Debug|x86
		{D01B1D20-8F5B-4834-8E5C-C7EC6DD587D4}.Debug|x86.Build.0 = Debug|x86
		{D01B1D20-8F5B-4834-8E5C-C7EC6DD587D4}.Release|Any CPU.ActiveCfg = Release|Any CPU
		{D01B1D20-8F5B-4834-8E5C-C7EC6DD587D4}.Release|Any CPU.Build.0 = Release|Any CPU
		{D01B1D20-8F5B-4834-8E5C-C7EC6DD587D4}.Release|Mixed Platforms.ActiveCfg = Release|x86
		{D01B1D20-8F5B-4834-8E5C-C7EC6DD587D4}.Release|Mixed Platforms.Build.0 = Release|x86
		{D01B1D20-8F5B-4834-8E5C-C7EC6DD587D4}.Release|Win32.ActiveCfg = Release|x86
		{D01B1D20-8F5B-4834-8E5C-C7EC6DD587D4}.Release|Win32.Build.0 = Release|x86
		{D01B1D20-8F5B-4834-8E5C-C7EC6DD587D4}.Release|x64.ActiveCfg = Release|x64
		{D01B1D20-8F5B-4834-8E5C-C7EC6DD587D4}.Release|x64.Build.0 = Release|x64
		{D01B1D20-8F5B-4834-8E5C-C7EC6DD587D4}.Release|x86.ActiveCfg = Release|x86
		{D01B1D20-8F5B-4834-8E5C-C7EC6DD587D4}.Release|x86.Build.0 = Release|x86
		{FA793B00-50DE-4721-9814-D4A9EF39D6C8}.Debug|Any CPU.ActiveCfg = Debug|x86
		{FA793B00-50DE-4721-9814-D4A9EF39D6C8}.Debug|Mixed Platforms.ActiveCfg = Debug|x86
		{FA793B00-50DE-4721-9814-D4A9EF39D6C8}.Debug|Mixed Platforms.Build.0 = Debug|x86
		{FA793B00-50DE-4721-9814-D4A9EF39D6C8}.Debug|Win32.ActiveCfg = Debug|x86
		{FA793B00-50DE-4721-9814-D4A9EF39D6C8}.Debug|Win32.Build.0 = Debug|x86
		{FA793B00-50DE-4721-9814-D4A9EF39D6C8}.Debug|x64.ActiveCfg = Debug|x86
		{FA793B00-50DE-4721-9814-D4A9EF39D6C8}.Debug|x86.ActiveCfg = Debug|x86
		{FA793B00-50DE-4721-9814-D4A9EF39D6C8}.Debug|x86.Build.0 = Debug|x86
		{FA793B00-50DE-4721-9814-D4A9EF39D6C8}.Release|Any CPU.ActiveCfg = Release|x86
		{FA793B00-50DE-4721-9814-D4A9EF39D6C8}.Release|Mixed Platforms.ActiveCfg = Release|x86
		{FA793B00-50DE-4721-9814-D4A9EF39D6C8}.Release|Mixed Platforms.Build.0 = Release|x86
		{FA793B00-50DE-4721-9814-D4A9EF39D6C8}.Release|Win32.ActiveCfg = Release|x86
		{FA793B00-50DE-4721-9814-D4A9EF39D6C8}.Release|Win32.Build.0 = Release|x86
		{FA793B00-50DE-4721-9814-D4A9EF39D6C8}.Release|x64.ActiveCfg = Release|x86
		{FA793B00-50DE-4721-9814-D4A9EF39D6C8}.Release|x86.ActiveCfg = Release|x86
		{FA793B00-50DE-4721-9814-D4A9EF39D6C8}.Release|x86.Build.0 = Release|x86
		{CD05A919-B158-47FB-AC83-AEE5111CC43C}.Debug|Any CPU.ActiveCfg = Debug|Win32
		{CD05A919-B158-47FB-AC83-AEE5111CC43C}.Debug|Mixed Platforms.ActiveCfg = Debug|Win32
		{CD05A919-B158-47FB-AC83-AEE5111CC43C}.Debug|Mixed Platforms.Build.0 = Debug|Win32
		{CD05A919-B158-47FB-AC83-AEE5111CC43C}.Debug|Win32.ActiveCfg = Debug|Win32
		{CD05A919-B158-47FB-AC83-AEE5111CC43C}.Debug|Win32.Build.0 = Debug|Win32
		{CD05A919-B158-47FB-AC83-AEE5111CC43C}.Debug|x64.ActiveCfg = Debug|Win32
		{CD05A919-B158-47FB-AC83-AEE5111CC43C}.Debug|x86.ActiveCfg = Debug|Win32
		{CD05A919-B158-47FB-AC83-AEE5111CC43C}.Debug|x86.Build.0 = Debug|Win32
		{CD05A919-B158-47FB-AC83-AEE5111CC43C}.Release|Any CPU.ActiveCfg = Release|Win32
		{CD05A919-B158-47FB-AC83-AEE5111CC43C}.Release|Mixed Platforms.ActiveCfg = Release|Win32
		{CD05A919-B158-47FB-AC83-AEE5111CC43C}.Release|Mixed Platforms.Build.0 = Release|Win32
		{CD05A919-B158-47FB-AC83-AEE5111CC43C}.Release|Win32.ActiveCfg = Release|Win32
		{CD05A919-B158-47FB-AC83-AEE5111CC43C}.Release|Win32.Build.0 = Release|Win32
		{CD05A919-B158-47FB-AC83-AEE5111CC43C}.Release|x64.ActiveCfg = Release|Win32
		{CD05A919-B158-47FB-AC83-AEE5111CC43C}.Release|x86.ActiveCfg = Release|Win32
		{CD05A919-B158-47FB-AC83-AEE5111CC43C}.Release|x86.Build.0 = Release|Win32
		{577A2E28-1C3D-49E4-921E-0A63135B5B3F}.Debug|Any CPU.ActiveCfg = Debug|x86
		{577A2E28-1C3D-49E4-921E-0A63135B5B3F}.Debug|Mixed Platforms.ActiveCfg = Debug|x86
		{577A2E28-1C3D-49E4-921E-0A63135B5B3F}.Debug|Mixed Platforms.Build.0 = Debug|x86
		{577A2E28-1C3D-49E4-921E-0A63135B5B3F}.Debug|Win32.ActiveCfg = Debug|x86
		{577A2E28-1C3D-49E4-921E-0A63135B5B3F}.Debug|Win32.Build.0 = Debug|x86
		{577A2E28-1C3D-49E4-921E-0A63135B5B3F}.Debug|x64.ActiveCfg = Debug|x86
		{577A2E28-1C3D-49E4-921E-0A63135B5B3F}.Debug|x86.ActiveCfg = Debug|x86
		{577A2E28-1C3D-49E4-921E-0A63135B5B3F}.Debug|x86.Build.0 = Debug|x86
		{577A2E28-1C3D-49E4-921E-0A63135B5B3F}.Release|Any CPU.ActiveCfg = Release|x86
		{577A2E28-1C3D-49E4-921E-0A63135B5B3F}.Release|Mixed Platforms.ActiveCfg = Release|x86
		{577A2E28-1C3D-49E4-921E-0A63135B5B3F}.Release|Mixed Platforms.Build.0 = Release|x86
		{577A2E28-1C3D-49E4-921E-0A63135B5B3F}.Release|Win32.ActiveCfg = Release|x86
		{577A2E28-1C3D-49E4-921E-0A63135B5B3F}.Release|Win32.Build.0 = Release|x86
		{577A2E28-1C3D-49E4-921E-0A63135B5B3F}.Release|x64.ActiveCfg = Release|x86
		{577A2E28-1C3D-49E4-921E-0A63135B5B3F}.Release|x86.ActiveCfg = Release|x86
		{577A2E28-1C3D-49E4-921E-0A63135B5B3F}.Release|x86.Build.0 = Release|x86
		{8346A0BC-9195-455B-8686-6C2A323C8EFE}.Debug|Any CPU.ActiveCfg = Debug|Any CPU
		{8346A0BC-9195-455B-8686-6C2A323C8EFE}.Debug|Any CPU.Build.0 = Debug|Any CPU
		{8346A0BC-9195-455B-8686-6C2A323C8EFE}.Debug|Mixed Platforms.ActiveCfg = Debug|x86
		{8346A0BC-9195-455B-8686-6C2A323C8EFE}.Debug|Mixed Platforms.Build.0 = Debug|x86
		{8346A0BC-9195-455B-8686-6C2A323C8EFE}.Debug|Win32.ActiveCfg = Debug|x86
		{8346A0BC-9195-455B-8686-6C2A323C8EFE}.Debug|Win32.Build.0 = Debug|x86
		{8346A0BC-9195-455B-8686-6C2A323C8EFE}.Debug|x64.ActiveCfg = Debug|Any CPU
		{8346A0BC-9195-455B-8686-6C2A323C8EFE}.Debug|x86.ActiveCfg = Debug|x86
		{8346A0BC-9195-455B-8686-6C2A323C8EFE}.Debug|x86.Build.0 = Debug|x86
		{8346A0BC-9195-455B-8686-6C2A323C8EFE}.Release|Any CPU.ActiveCfg = Release|Any CPU
		{8346A0BC-9195-455B-8686-6C2A323C8EFE}.Release|Any CPU.Build.0 = Release|Any CPU
		{8346A0BC-9195-455B-8686-6C2A323C8EFE}.Release|Mixed Platforms.ActiveCfg = Release|x86
		{8346A0BC-9195-455B-8686-6C2A323C8EFE}.Release|Mixed Platforms.Build.0 = Release|x86
		{8346A0BC-9195-455B-8686-6C2A323C8EFE}.Release|Win32.ActiveCfg = Release|x86
		{8346A0BC-9195-455B-8686-6C2A323C8EFE}.Release|Win32.Build.0 = Release|x86
		{8346A0BC-9195-455B-8686-6C2A323C8EFE}.Release|x64.ActiveCfg = Release|Any CPU
		{8346A0BC-9195-455B-8686-6C2A323C8EFE}.Release|x86.ActiveCfg = Release|x86
		{8346A0BC-9195-455B-8686-6C2A323C8EFE}.Release|x86.Build.0 = Release|x86
		{3AA24832-70A6-44C7-AF92-6C4D04DBAD7F}.Debug|Any CPU.ActiveCfg = Debug|Any CPU
		{3AA24832-70A6-44C7-AF92-6C4D04DBAD7F}.Debug|Any CPU.Build.0 = Debug|Any CPU
		{3AA24832-70A6-44C7-AF92-6C4D04DBAD7F}.Debug|Mixed Platforms.ActiveCfg = Debug|Any CPU
		{3AA24832-70A6-44C7-AF92-6C4D04DBAD7F}.Debug|Mixed Platforms.Build.0 = Debug|Any CPU
		{3AA24832-70A6-44C7-AF92-6C4D04DBAD7F}.Debug|Win32.ActiveCfg = Debug|Any CPU
		{3AA24832-70A6-44C7-AF92-6C4D04DBAD7F}.Debug|x64.ActiveCfg = Debug|Any CPU
		{3AA24832-70A6-44C7-AF92-6C4D04DBAD7F}.Debug|x86.ActiveCfg = Debug|Any CPU
		{3AA24832-70A6-44C7-AF92-6C4D04DBAD7F}.Release|Any CPU.ActiveCfg = Release|Any CPU
		{3AA24832-70A6-44C7-AF92-6C4D04DBAD7F}.Release|Any CPU.Build.0 = Release|Any CPU
		{3AA24832-70A6-44C7-AF92-6C4D04DBAD7F}.Release|Mixed Platforms.ActiveCfg = Release|Any CPU
		{3AA24832-70A6-44C7-AF92-6C4D04DBAD7F}.Release|Mixed Platforms.Build.0 = Release|Any CPU
		{3AA24832-70A6-44C7-AF92-6C4D04DBAD7F}.Release|Win32.ActiveCfg = Release|Any CPU
		{3AA24832-70A6-44C7-AF92-6C4D04DBAD7F}.Release|x64.ActiveCfg = Release|Any CPU
		{3AA24832-70A6-44C7-AF92-6C4D04DBAD7F}.Release|x86.ActiveCfg = Release|Any CPU
		{ECCA9E19-8B45-4A88-9261-E6BCB85C64FB}.Debug|Any CPU.ActiveCfg = Debug|Any CPU
		{ECCA9E19-8B45-4A88-9261-E6BCB85C64FB}.Debug|Any CPU.Build.0 = Debug|Any CPU
		{ECCA9E19-8B45-4A88-9261-E6BCB85C64FB}.Debug|Mixed Platforms.ActiveCfg = Debug|Any CPU
		{ECCA9E19-8B45-4A88-9261-E6BCB85C64FB}.Debug|Mixed Platforms.Build.0 = Debug|Any CPU
		{ECCA9E19-8B45-4A88-9261-E6BCB85C64FB}.Debug|Win32.ActiveCfg = Debug|Any CPU
		{ECCA9E19-8B45-4A88-9261-E6BCB85C64FB}.Debug|x64.ActiveCfg = Debug|Any CPU
		{ECCA9E19-8B45-4A88-9261-E6BCB85C64FB}.Debug|x86.ActiveCfg = Debug|Any CPU
		{ECCA9E19-8B45-4A88-9261-E6BCB85C64FB}.Release|Any CPU.ActiveCfg = Release|Any CPU
		{ECCA9E19-8B45-4A88-9261-E6BCB85C64FB}.Release|Any CPU.Build.0 = Release|Any CPU
		{ECCA9E19-8B45-4A88-9261-E6BCB85C64FB}.Release|Mixed Platforms.ActiveCfg = Release|Any CPU
		{ECCA9E19-8B45-4A88-9261-E6BCB85C64FB}.Release|Mixed Platforms.Build.0 = Release|Any CPU
		{ECCA9E19-8B45-4A88-9261-E6BCB85C64FB}.Release|Win32.ActiveCfg = Release|Any CPU
		{ECCA9E19-8B45-4A88-9261-E6BCB85C64FB}.Release|x64.ActiveCfg = Release|Any CPU
		{ECCA9E19-8B45-4A88-9261-E6BCB85C64FB}.Release|x86.ActiveCfg = Release|Any CPU
	EndGlobalSection
	GlobalSection(SolutionProperties) = preSolution
		HideSolutionNode = FALSE
	EndGlobalSection
EndGlobal
