
Microsoft Visual Studio Solution File, Format Version 12.00
# Visual Studio 15
VisualStudioVersion = 15.0.28307.489
MinimumVisualStudioVersion = 10.0.40219.1
Project("{FAE04EC0-301F-11D3-BF4B-00C04F79EFBC}") = "WcfService1", "WcfService1\WcfService1.csproj", "{79894835-B640-48D3-A84E-D069C09113B2}"
EndProject
Project("{FAE04EC0-301F-11D3-BF4B-00C04F79EFBC}") = "ServiceDataModel", "ServiceDataModel\ServiceDataModel.csproj", "{265C54FB-0674-4A5B-A6C5-C18376801868}"
EndProject
Project("{FAE04EC0-301F-11D3-BF4B-00C04F79EFBC}") = "ServiceData", "ServiceData\ServiceData.csproj", "{EF80E9C3-F39D-4DD4-8753-B662BE72BA88}"
EndProject
Project("{FAE04EC0-301F-11D3-BF4B-00C04F79EFBC}") = "WpfApp1", "WpfApp1\WpfApp1.csproj", "{0DE2D739-CCFF-4ACF-B0B2-DBED82DF9833}"
EndProject
Project("{FAE04EC0-301F-11D3-BF4B-00C04F79EFBC}") = "Application", "..\..\..\Framework\Application\Application.csproj", "{3D4BDB37-D97E-4CF3-B246-3A3F11AB9D44}"
EndProject
Project("{FAE04EC0-301F-11D3-BF4B-00C04F79EFBC}") = "MVVMFramework", "..\..\..\Framework\MVVMFramework\MVVMFramework.csproj", "{DA87E838-FB93-441A-A6E2-444764FA284E}"
EndProject
Global
	GlobalSection(SolutionConfigurationPlatforms) = preSolution
		Debug|Any CPU = Debug|Any CPU
		Debug|x64 = Debug|x64
		Debug|x86 = Debug|x86
		Release|Any CPU = Release|Any CPU
		Release|x64 = Release|x64
		Release|x86 = Release|x86
	EndGlobalSection
	GlobalSection(ProjectConfigurationPlatforms) = postSolution
		{79894835-B640-48D3-A84E-D069C09113B2}.Debug|Any CPU.ActiveCfg = Debug|Any CPU
		{79894835-B640-48D3-A84E-D069C09113B2}.Debug|Any CPU.Build.0 = Debug|Any CPU
		{79894835-B640-48D3-A84E-D069C09113B2}.Debug|x64.ActiveCfg = Debug|Any CPU
		{79894835-B640-48D3-A84E-D069C09113B2}.Debug|x64.Build.0 = Debug|Any CPU
		{79894835-B640-48D3-A84E-D069C09113B2}.Debug|x86.ActiveCfg = Debug|Any CPU
		{79894835-B640-48D3-A84E-D069C09113B2}.Debug|x86.Build.0 = Debug|Any CPU
		{79894835-B640-48D3-A84E-D069C09113B2}.Release|Any CPU.ActiveCfg = Release|Any CPU
		{79894835-B640-48D3-A84E-D069C09113B2}.Release|Any CPU.Build.0 = Release|Any CPU
		{79894835-B640-48D3-A84E-D069C09113B2}.Release|x64.ActiveCfg = Release|Any CPU
		{79894835-B640-48D3-A84E-D069C09113B2}.Release|x64.Build.0 = Release|Any CPU
		{79894835-B640-48D3-A84E-D069C09113B2}.Release|x86.ActiveCfg = Release|Any CPU
		{79894835-B640-48D3-A84E-D069C09113B2}.Release|x86.Build.0 = Release|Any CPU
		{265C54FB-0674-4A5B-A6C5-C18376801868}.Debug|Any CPU.ActiveCfg = Debug|Any CPU
		{265C54FB-0674-4A5B-A6C5-C18376801868}.Debug|Any CPU.Build.0 = Debug|Any CPU
		{265C54FB-0674-4A5B-A6C5-C18376801868}.Debug|x64.ActiveCfg = Debug|Any CPU
		{265C54FB-0674-4A5B-A6C5-C18376801868}.Debug|x64.Build.0 = Debug|Any CPU
		{265C54FB-0674-4A5B-A6C5-C18376801868}.Debug|x86.ActiveCfg = Debug|Any CPU
		{265C54FB-0674-4A5B-A6C5-C18376801868}.Debug|x86.Build.0 = Debug|Any CPU
		{265C54FB-0674-4A5B-A6C5-C18376801868}.Release|Any CPU.ActiveCfg = Release|Any CPU
		{265C54FB-0674-4A5B-A6C5-C18376801868}.Release|Any CPU.Build.0 = Release|Any CPU
		{265C54FB-0674-4A5B-A6C5-C18376801868}.Release|x64.ActiveCfg = Release|Any CPU
		{265C54FB-0674-4A5B-A6C5-C18376801868}.Release|x64.Build.0 = Release|Any CPU
		{265C54FB-0674-4A5B-A6C5-C18376801868}.Release|x86.ActiveCfg = Release|Any CPU
		{265C54FB-0674-4A5B-A6C5-C18376801868}.Release|x86.Build.0 = Release|Any CPU
		{EF80E9C3-F39D-4DD4-8753-B662BE72BA88}.Debug|Any CPU.ActiveCfg = Debug|Any CPU
		{EF80E9C3-F39D-4DD4-8753-B662BE72BA88}.Debug|Any CPU.Build.0 = Debug|Any CPU
		{EF80E9C3-F39D-4DD4-8753-B662BE72BA88}.Debug|x64.ActiveCfg = Debug|Any CPU
		{EF80E9C3-F39D-4DD4-8753-B662BE72BA88}.Debug|x64.Build.0 = Debug|Any CPU
		{EF80E9C3-F39D-4DD4-8753-B662BE72BA88}.Debug|x86.ActiveCfg = Debug|Any CPU
		{EF80E9C3-F39D-4DD4-8753-B662BE72BA88}.Debug|x86.Build.0 = Debug|Any CPU
		{EF80E9C3-F39D-4DD4-8753-B662BE72BA88}.Release|Any CPU.ActiveCfg = Release|Any CPU
		{EF80E9C3-F39D-4DD4-8753-B662BE72BA88}.Release|Any CPU.Build.0 = Release|Any CPU
		{EF80E9C3-F39D-4DD4-8753-B662BE72BA88}.Release|x64.ActiveCfg = Release|Any CPU
		{EF80E9C3-F39D-4DD4-8753-B662BE72BA88}.Release|x64.Build.0 = Release|Any CPU
		{EF80E9C3-F39D-4DD4-8753-B662BE72BA88}.Release|x86.ActiveCfg = Release|Any CPU
		{EF80E9C3-F39D-4DD4-8753-B662BE72BA88}.Release|x86.Build.0 = Release|Any CPU
		{0DE2D739-CCFF-4ACF-B0B2-DBED82DF9833}.Debug|Any CPU.ActiveCfg = Debug|Any CPU
		{0DE2D739-CCFF-4ACF-B0B2-DBED82DF9833}.Debug|Any CPU.Build.0 = Debug|Any CPU
		{0DE2D739-CCFF-4ACF-B0B2-DBED82DF9833}.Debug|x64.ActiveCfg = Debug|Any CPU
		{0DE2D739-CCFF-4ACF-B0B2-DBED82DF9833}.Debug|x64.Build.0 = Debug|Any CPU
		{0DE2D739-CCFF-4ACF-B0B2-DBED82DF9833}.Debug|x86.ActiveCfg = Debug|Any CPU
		{0DE2D739-CCFF-4ACF-B0B2-DBED82DF9833}.Debug|x86.Build.0 = Debug|Any CPU
		{0DE2D739-CCFF-4ACF-B0B2-DBED82DF9833}.Release|Any CPU.ActiveCfg = Release|Any CPU
		{0DE2D739-CCFF-4ACF-B0B2-DBED82DF9833}.Release|Any CPU.Build.0 = Release|Any CPU
		{0DE2D739-CCFF-4ACF-B0B2-DBED82DF9833}.Release|x64.ActiveCfg = Release|Any CPU
		{0DE2D739-CCFF-4ACF-B0B2-DBED82DF9833}.Release|x64.Build.0 = Release|Any CPU
		{0DE2D739-CCFF-4ACF-B0B2-DBED82DF9833}.Release|x86.ActiveCfg = Release|Any CPU
		{0DE2D739-CCFF-4ACF-B0B2-DBED82DF9833}.Release|x86.Build.0 = Release|Any CPU
		{3D4BDB37-D97E-4CF3-B246-3A3F11AB9D44}.Debug|Any CPU.ActiveCfg = Debug|Any CPU
		{3D4BDB37-D97E-4CF3-B246-3A3F11AB9D44}.Debug|Any CPU.Build.0 = Debug|Any CPU
		{3D4BDB37-D97E-4CF3-B246-3A3F11AB9D44}.Debug|x64.ActiveCfg = Debug|x64
		{3D4BDB37-D97E-4CF3-B246-3A3F11AB9D44}.Debug|x64.Build.0 = Debug|x64
		{3D4BDB37-D97E-4CF3-B246-3A3F11AB9D44}.Debug|x86.ActiveCfg = Debug|x86
		{3D4BDB37-D97E-4CF3-B246-3A3F11AB9D44}.Debug|x86.Build.0 = Debug|x86
		{3D4BDB37-D97E-4CF3-B246-3A3F11AB9D44}.Release|Any CPU.ActiveCfg = Release|Any CPU
		{3D4BDB37-D97E-4CF3-B246-3A3F11AB9D44}.Release|Any CPU.Build.0 = Release|Any CPU
		{3D4BDB37-D97E-4CF3-B246-3A3F11AB9D44}.Release|x64.ActiveCfg = Release|x64
		{3D4BDB37-D97E-4CF3-B246-3A3F11AB9D44}.Release|x64.Build.0 = Release|x64
		{3D4BDB37-D97E-4CF3-B246-3A3F11AB9D44}.Release|x86.ActiveCfg = Release|x86
		{3D4BDB37-D97E-4CF3-B246-3A3F11AB9D44}.Release|x86.Build.0 = Release|x86
		{DA87E838-FB93-441A-A6E2-444764FA284E}.Debug|Any CPU.ActiveCfg = Debug|Any CPU
		{DA87E838-FB93-441A-A6E2-444764FA284E}.Debug|Any CPU.Build.0 = Debug|Any CPU
		{DA87E838-FB93-441A-A6E2-444764FA284E}.Debug|x64.ActiveCfg = Debug|x64
		{DA87E838-FB93-441A-A6E2-444764FA284E}.Debug|x64.Build.0 = Debug|x64
		{DA87E838-FB93-441A-A6E2-444764FA284E}.Debug|x86.ActiveCfg = Debug|x86
		{DA87E838-FB93-441A-A6E2-444764FA284E}.Debug|x86.Build.0 = Debug|x86
		{DA87E838-FB93-441A-A6E2-444764FA284E}.Release|Any CPU.ActiveCfg = Release|Any CPU
		{DA87E838-FB93-441A-A6E2-444764FA284E}.Release|Any CPU.Build.0 = Release|Any CPU
		{DA87E838-FB93-441A-A6E2-444764FA284E}.Release|x64.ActiveCfg = Release|x64
		{DA87E838-FB93-441A-A6E2-444764FA284E}.Release|x64.Build.0 = Release|x64
		{DA87E838-FB93-441A-A6E2-444764FA284E}.Release|x86.ActiveCfg = Release|x86
		{DA87E838-FB93-441A-A6E2-444764FA284E}.Release|x86.Build.0 = Release|x86
	EndGlobalSection
	GlobalSection(SolutionProperties) = preSolution
		HideSolutionNode = FALSE
	EndGlobalSection
	GlobalSection(ExtensibilityGlobals) = postSolution
		SolutionGuid = {83F436E7-2D6D-4ECC-89EE-314E078A9FF7}
	EndGlobalSection
	GlobalSection(TeamFoundationVersionControl) = preSolution
		SccNumberOfProjects = 7
		SccEnterpriseProvider = {4CA58AB2-18FA-4F8D-95D4-32DDF27D184C}
		SccTeamFoundationServer = https://gdosborne.visualstudio.com/
		SccProjectUniqueName0 = ..\\..\\..\\Framework\\Application\\Application.csproj
		SccProjectName0 = ../../../Framework/Application
		SccLocalPath0 = ..\\..\\..\\Framework\\Application
		SccProjectUniqueName1 = ..\\..\\..\\Framework\\MVVMFramework\\MVVMFramework.csproj
		SccProjectName1 = ../../../Framework/MVVMFramework
		SccLocalPath1 = ..\\..\\..\\Framework\\MVVMFramework
		SccLocalPath2 = .
		SccProjectUniqueName3 = ServiceData\\ServiceData.csproj
		SccProjectName3 = ServiceData
		SccLocalPath3 = ServiceData
		SccProjectUniqueName4 = ServiceDataModel\\ServiceDataModel.csproj
		SccProjectName4 = ServiceDataModel
		SccLocalPath4 = ServiceDataModel
		SccProjectUniqueName5 = WcfService1\\WcfService1.csproj
		SccProjectName5 = WcfService1
		SccLocalPath5 = WcfService1
		SccProjectUniqueName6 = WpfApp1\\WpfApp1.csproj
		SccProjectName6 = WpfApp1
		SccLocalPath6 = WpfApp1
	EndGlobalSection
EndGlobal
