
Microsoft Visual Studio Solution File, Format Version 12.00
# Visual Studio 15
VisualStudioVersion = 15.0.28307.902
MinimumVisualStudioVersion = 10.0.40219.1
Project("{FAE04EC0-301F-11D3-BF4B-00C04F79EFBC}") = "GregOsborne.PasswordManager", "GregOsborne.PasswordManager\GregOsborne.PasswordManager.csproj", "{7CD1B42A-167A-47A4-952B-23AEC49C11C2}"
EndProject
Project("{FAE04EC0-301F-11D3-BF4B-00C04F79EFBC}") = "Application", "..\..\..\Framework\Application\Application.csproj", "{3D4BDB37-D97E-4CF3-B246-3A3F11AB9D44}"
EndProject
Project("{FAE04EC0-301F-11D3-BF4B-00C04F79EFBC}") = "MVVMFramework", "..\..\..\Framework\MVVMFramework\MVVMFramework.csproj", "{DA87E838-FB93-441A-A6E2-444764FA284E}"
EndProject
Project("{FAE04EC0-301F-11D3-BF4B-00C04F79EFBC}") = "Ookii.Dialogs.Wpf", "..\..\..\Framework\OkiiDialogs\Ookii.Dialogs.Wpf.csproj", "{D01B1D20-8F5B-4834-8E5C-C7EC6DD587D4}"
EndProject
Project("{FAE04EC0-301F-11D3-BF4B-00C04F79EFBC}") = "OSCrypto", "..\..\..\Framework\OSCrypto\OSCrypto.csproj", "{0FBDE49F-27D1-400A-83DD-74B7F38F59D3}"
EndProject
Project("{FAE04EC0-301F-11D3-BF4B-00C04F79EFBC}") = "Greg.Osborne.Splash", "..\..\..\Framework\Greg.Osborne.Splash\Greg.Osborne.Splash\Greg.Osborne.Splash.csproj", "{4ABDB0CA-D8AC-46AE-A7D6-9607CB265090}"
EndProject
Project("{FAE04EC0-301F-11D3-BF4B-00C04F79EFBC}") = "GregOsborne.Controls", "C:\Users\greg\source\Workspaces\Greg.Osborne\UserControls\GregOsborne.Controls\GregOsborne.Controls\GregOsborne.Controls.csproj", "{ECB1E6FD-2A7D-41E2-AA46-684FBCF036B0}"
EndProject
Project("{FAE04EC0-301F-11D3-BF4B-00C04F79EFBC}") = "GregOsborne.PasswordManager.Data", "GregOsborne.PasswordManager.Data\GregOsborne.PasswordManager.Data.csproj", "{0961FB84-FA4F-423C-892E-AF1CA1832BF1}"
EndProject
Global
	GlobalSection(SolutionConfigurationPlatforms) = preSolution
		Debug|Any CPU = Debug|Any CPU
		Debug|x64 = Debug|x64
		Debug|x86 = Debug|x86
		Release|Any CPU = Release|Any CPU
		Release|x64 = Release|x64
		Release|x86 = Release|x86
	EndGlobalSection
	GlobalSection(ProjectConfigurationPlatforms) = postSolution
		{7CD1B42A-167A-47A4-952B-23AEC49C11C2}.Debug|Any CPU.ActiveCfg = Debug|Any CPU
		{7CD1B42A-167A-47A4-952B-23AEC49C11C2}.Debug|Any CPU.Build.0 = Debug|Any CPU
		{7CD1B42A-167A-47A4-952B-23AEC49C11C2}.Debug|x64.ActiveCfg = Debug|Any CPU
		{7CD1B42A-167A-47A4-952B-23AEC49C11C2}.Debug|x64.Build.0 = Debug|Any CPU
		{7CD1B42A-167A-47A4-952B-23AEC49C11C2}.Debug|x86.ActiveCfg = Debug|Any CPU
		{7CD1B42A-167A-47A4-952B-23AEC49C11C2}.Debug|x86.Build.0 = Debug|Any CPU
		{7CD1B42A-167A-47A4-952B-23AEC49C11C2}.Release|Any CPU.ActiveCfg = Release|Any CPU
		{7CD1B42A-167A-47A4-952B-23AEC49C11C2}.Release|Any CPU.Build.0 = Release|Any CPU
		{7CD1B42A-167A-47A4-952B-23AEC49C11C2}.Release|x64.ActiveCfg = Release|Any CPU
		{7CD1B42A-167A-47A4-952B-23AEC49C11C2}.Release|x64.Build.0 = Release|Any CPU
		{7CD1B42A-167A-47A4-952B-23AEC49C11C2}.Release|x86.ActiveCfg = Release|Any CPU
		{7CD1B42A-167A-47A4-952B-23AEC49C11C2}.Release|x86.Build.0 = Release|Any CPU
		{3D4BDB37-D97E-4CF3-B246-3A3F11AB9D44}.Debug|Any CPU.ActiveCfg = Debug|Any CPU
		{3D4BDB37-D97E-4CF3-B246-3A3F11AB9D44}.Debug|Any CPU.Build.0 = Debug|Any CPU
		{3D4BDB37-D97E-4CF3-B246-3A3F11AB9D44}.Debug|x64.ActiveCfg = Debug|x64
		{3D4BDB37-D97E-4CF3-B246-3A3F11AB9D44}.Debug|x64.Build.0 = Debug|x64
		{3D4BDB37-D97E-4CF3-B246-3A3F11AB9D44}.Debug|x86.ActiveCfg = Debug|x86
		{3D4BDB37-D97E-4CF3-B246-3A3F11AB9D44}.Debug|x86.Build.0 = Debug|x86
		{3D4BDB37-D97E-4CF3-B246-3A3F11AB9D44}.Release|Any CPU.ActiveCfg = Release|Any CPU
		{3D4BDB37-D97E-4CF3-B246-3A3F11AB9D44}.Release|Any CPU.Build.0 = Release|Any CPU
		{3D4BDB37-D97E-4CF3-B246-3A3F11AB9D44}.Release|x64.ActiveCfg = Release|x64
		{3D4BDB37-D97E-4CF3-B246-3A3F11AB9D44}.Release|x64.Build.0 = Release|x64
		{3D4BDB37-D97E-4CF3-B246-3A3F11AB9D44}.Release|x86.ActiveCfg = Release|x86
		{3D4BDB37-D97E-4CF3-B246-3A3F11AB9D44}.Release|x86.Build.0 = Release|x86
		{DA87E838-FB93-441A-A6E2-444764FA284E}.Debug|Any CPU.ActiveCfg = Debug|Any CPU
		{DA87E838-FB93-441A-A6E2-444764FA284E}.Debug|Any CPU.Build.0 = Debug|Any CPU
		{DA87E838-FB93-441A-A6E2-444764FA284E}.Debug|x64.ActiveCfg = Debug|x64
		{DA87E838-FB93-441A-A6E2-444764FA284E}.Debug|x64.Build.0 = Debug|x64
		{DA87E838-FB93-441A-A6E2-444764FA284E}.Debug|x86.ActiveCfg = Debug|x86
		{DA87E838-FB93-441A-A6E2-444764FA284E}.Debug|x86.Build.0 = Debug|x86
		{DA87E838-FB93-441A-A6E2-444764FA284E}.Release|Any CPU.ActiveCfg = Release|Any CPU
		{DA87E838-FB93-441A-A6E2-444764FA284E}.Release|Any CPU.Build.0 = Release|Any CPU
		{DA87E838-FB93-441A-A6E2-444764FA284E}.Release|x64.ActiveCfg = Release|x64
		{DA87E838-FB93-441A-A6E2-444764FA284E}.Release|x64.Build.0 = Release|x64
		{DA87E838-FB93-441A-A6E2-444764FA284E}.Release|x86.ActiveCfg = Release|x86
		{DA87E838-FB93-441A-A6E2-444764FA284E}.Release|x86.Build.0 = Release|x86
		{D01B1D20-8F5B-4834-8E5C-C7EC6DD587D4}.Debug|Any CPU.ActiveCfg = Debug|Any CPU
		{D01B1D20-8F5B-4834-8E5C-C7EC6DD587D4}.Debug|Any CPU.Build.0 = Debug|Any CPU
		{D01B1D20-8F5B-4834-8E5C-C7EC6DD587D4}.Debug|x64.ActiveCfg = Debug|x64
		{D01B1D20-8F5B-4834-8E5C-C7EC6DD587D4}.Debug|x64.Build.0 = Debug|x64
		{D01B1D20-8F5B-4834-8E5C-C7EC6DD587D4}.Debug|x86.ActiveCfg = Debug|x86
		{D01B1D20-8F5B-4834-8E5C-C7EC6DD587D4}.Debug|x86.Build.0 = Debug|x86
		{D01B1D20-8F5B-4834-8E5C-C7EC6DD587D4}.Release|Any CPU.ActiveCfg = Release|Any CPU
		{D01B1D20-8F5B-4834-8E5C-C7EC6DD587D4}.Release|Any CPU.Build.0 = Release|Any CPU
		{D01B1D20-8F5B-4834-8E5C-C7EC6DD587D4}.Release|x64.ActiveCfg = Release|x64
		{D01B1D20-8F5B-4834-8E5C-C7EC6DD587D4}.Release|x64.Build.0 = Release|x64
		{D01B1D20-8F5B-4834-8E5C-C7EC6DD587D4}.Release|x86.ActiveCfg = Release|x86
		{D01B1D20-8F5B-4834-8E5C-C7EC6DD587D4}.Release|x86.Build.0 = Release|x86
		{0FBDE49F-27D1-400A-83DD-74B7F38F59D3}.Debug|Any CPU.ActiveCfg = Debug|Any CPU
		{0FBDE49F-27D1-400A-83DD-74B7F38F59D3}.Debug|Any CPU.Build.0 = Debug|Any CPU
		{0FBDE49F-27D1-400A-83DD-74B7F38F59D3}.Debug|x64.ActiveCfg = Debug|x64
		{0FBDE49F-27D1-400A-83DD-74B7F38F59D3}.Debug|x64.Build.0 = Debug|x64
		{0FBDE49F-27D1-400A-83DD-74B7F38F59D3}.Debug|x86.ActiveCfg = Debug|x86
		{0FBDE49F-27D1-400A-83DD-74B7F38F59D3}.Debug|x86.Build.0 = Debug|x86
		{0FBDE49F-27D1-400A-83DD-74B7F38F59D3}.Release|Any CPU.ActiveCfg = Release|Any CPU
		{0FBDE49F-27D1-400A-83DD-74B7F38F59D3}.Release|Any CPU.Build.0 = Release|Any CPU
		{0FBDE49F-27D1-400A-83DD-74B7F38F59D3}.Release|x64.ActiveCfg = Release|x64
		{0FBDE49F-27D1-400A-83DD-74B7F38F59D3}.Release|x64.Build.0 = Release|x64
		{0FBDE49F-27D1-400A-83DD-74B7F38F59D3}.Release|x86.ActiveCfg = Release|x86
		{0FBDE49F-27D1-400A-83DD-74B7F38F59D3}.Release|x86.Build.0 = Release|x86
		{4ABDB0CA-D8AC-46AE-A7D6-9607CB265090}.Debug|Any CPU.ActiveCfg = Debug|Any CPU
		{4ABDB0CA-D8AC-46AE-A7D6-9607CB265090}.Debug|Any CPU.Build.0 = Debug|Any CPU
		{4ABDB0CA-D8AC-46AE-A7D6-9607CB265090}.Debug|x64.ActiveCfg = Debug|Any CPU
		{4ABDB0CA-D8AC-46AE-A7D6-9607CB265090}.Debug|x64.Build.0 = Debug|Any CPU
		{4ABDB0CA-D8AC-46AE-A7D6-9607CB265090}.Debug|x86.ActiveCfg = Debug|Any CPU
		{4ABDB0CA-D8AC-46AE-A7D6-9607CB265090}.Debug|x86.Build.0 = Debug|Any CPU
		{4ABDB0CA-D8AC-46AE-A7D6-9607CB265090}.Release|Any CPU.ActiveCfg = Release|Any CPU
		{4ABDB0CA-D8AC-46AE-A7D6-9607CB265090}.Release|Any CPU.Build.0 = Release|Any CPU
		{4ABDB0CA-D8AC-46AE-A7D6-9607CB265090}.Release|x64.ActiveCfg = Release|Any CPU
		{4ABDB0CA-D8AC-46AE-A7D6-9607CB265090}.Release|x64.Build.0 = Release|Any CPU
		{4ABDB0CA-D8AC-46AE-A7D6-9607CB265090}.Release|x86.ActiveCfg = Release|Any CPU
		{4ABDB0CA-D8AC-46AE-A7D6-9607CB265090}.Release|x86.Build.0 = Release|Any CPU
		{4475F2B6-6BAC-4174-946A-B77E8C79C39E}.Debug|Any CPU.ActiveCfg = Debug|Any CPU
		{4475F2B6-6BAC-4174-946A-B77E8C79C39E}.Debug|Any CPU.Build.0 = Debug|Any CPU
		{4475F2B6-6BAC-4174-946A-B77E8C79C39E}.Debug|x64.ActiveCfg = Debug|x64
		{4475F2B6-6BAC-4174-946A-B77E8C79C39E}.Debug|x64.Build.0 = Debug|x64
		{4475F2B6-6BAC-4174-946A-B77E8C79C39E}.Debug|x86.ActiveCfg = Debug|x86
		{4475F2B6-6BAC-4174-946A-B77E8C79C39E}.Debug|x86.Build.0 = Debug|x86
		{4475F2B6-6BAC-4174-946A-B77E8C79C39E}.Release|Any CPU.ActiveCfg = Release|Any CPU
		{4475F2B6-6BAC-4174-946A-B77E8C79C39E}.Release|Any CPU.Build.0 = Release|Any CPU
		{4475F2B6-6BAC-4174-946A-B77E8C79C39E}.Release|x64.ActiveCfg = Release|x64
		{4475F2B6-6BAC-4174-946A-B77E8C79C39E}.Release|x64.Build.0 = Release|x64
		{4475F2B6-6BAC-4174-946A-B77E8C79C39E}.Release|x86.ActiveCfg = Release|x86
		{4475F2B6-6BAC-4174-946A-B77E8C79C39E}.Release|x86.Build.0 = Release|x86
	EndGlobalSection
	GlobalSection(SolutionProperties) = preSolution
		HideSolutionNode = FALSE
	EndGlobalSection
	GlobalSection(ExtensibilityGlobals) = postSolution
		SolutionGuid = {4B6C0BF4-9983-4FAE-939A-7570343C6648}
	EndGlobalSection
	GlobalSection(TeamFoundationVersionControl) = preSolution
		SccNumberOfProjects = 9
		SccEnterpriseProvider = {4CA58AB2-18FA-4F8D-95D4-32DDF27D184C}
		SccTeamFoundationServer = https://gdosborne.visualstudio.com/
		SccLocalPath0 = .
		SccProjectUniqueName1 = GregOsborne.PasswordManager\\GregOsborne.PasswordManager.csproj
		SccProjectName1 = GregOsborne.PasswordManager
		SccLocalPath1 = GregOsborne.PasswordManager
		SccProjectUniqueName2 = ..\\..\\..\\Framework\\Application\\Application.csproj
		SccProjectName2 = ../../../Framework/Application
		SccLocalPath2 = ..\\..\\..\\Framework\\Application
		SccProjectUniqueName3 = ..\\..\\..\\Framework\\MVVMFramework\\MVVMFramework.csproj
		SccProjectName3 = ../../../Framework/MVVMFramework
		SccLocalPath3 = ..\\..\\..\\Framework\\MVVMFramework
		SccProjectUniqueName4 = ..\\..\\..\\Framework\\OkiiDialogs\\Ookii.Dialogs.Wpf.csproj
		SccProjectName4 = ../../../Framework/OkiiDialogs
		SccLocalPath4 = ..\\..\\..\\Framework\\OkiiDialogs
		SccProjectUniqueName5 = ..\\..\\..\\Framework\\OSCrypto\\OSCrypto.csproj
		SccProjectName5 = ../../../Framework/OSCrypto
		SccLocalPath5 = ..\\..\\..\\Framework\\OSCrypto
		SccProjectUniqueName6 = ..\\..\\..\\Framework\\Greg.Osborne.Splash\\Greg.Osborne.Splash\\Greg.Osborne.Splash.csproj
		SccProjectName6 = ../../../Framework/Greg.Osborne.Splash/Greg.Osborne.Splash
		SccLocalPath6 = ..\\..\\..\\Framework\\Greg.Osborne.Splash\\Greg.Osborne.Splash
		SccProjectUniqueName7 = ..\\..\\..\\UserControls\\GregOsborne.Controls.csproj
		SccProjectName7 = ../../../UserControls
		SccLocalPath7 = ..\\..\\..\\UserControls
	EndGlobalSection
EndGlobal
