
Microsoft Visual Studio Solution File, Format Version 12.00
# Visual Studio 2013
VisualStudioVersion = 12.0.31101.0
MinimumVisualStudioVersion = 10.0.40219.1
Project("{FAE04EC0-301F-11D3-BF4B-00C04F79EFBC}") = "FormatCode", "FormatCode\FormatCode.csproj", "{101CA4A3-FF29-479B-9F56-E6C05BE6615B}"
EndProject
Project("{FAE04EC0-301F-11D3-BF4B-00C04F79EFBC}") = "MVVMFramework", "MVVMFramework\MVVMFramework.csproj", "{DA87E838-FB93-441A-A6E2-444764FA284E}"
EndProject
Global
	GlobalSection(TeamFoundationVersionControl) = preSolution
		SccNumberOfProjects = 3
		SccEnterpriseProvider = {4CA58AB2-18FA-4F8D-95D4-32DDF27D184C}
		SccTeamFoundationServer = https://gdosborne.visualstudio.com/defaultcollection
		SccLocalPath0 = .
		SccProjectUniqueName1 = FormatCode\\FormatCode.csproj
		SccProjectName1 = FormatCode
		SccLocalPath1 = FormatCode
		SccProjectUniqueName2 = MVVMFramework\\MVVMFramework.csproj
		SccProjectName2 = MVVMFramework
		SccLocalPath2 = MVVMFramework
	EndGlobalSection
	GlobalSection(SolutionConfigurationPlatforms) = preSolution
		Debug|Any CPU = Debug|Any CPU
		Release|Any CPU = Release|Any CPU
	EndGlobalSection
	GlobalSection(ProjectConfigurationPlatforms) = postSolution
		{101CA4A3-FF29-479B-9F56-E6C05BE6615B}.Debug|Any CPU.ActiveCfg = Debug|Any CPU
		{101CA4A3-FF29-479B-9F56-E6C05BE6615B}.Debug|Any CPU.Build.0 = Debug|Any CPU
		{101CA4A3-FF29-479B-9F56-E6C05BE6615B}.Release|Any CPU.ActiveCfg = Release|Any CPU
		{101CA4A3-FF29-479B-9F56-E6C05BE6615B}.Release|Any CPU.Build.0 = Release|Any CPU
		{DA87E838-FB93-441A-A6E2-444764FA284E}.Debug|Any CPU.ActiveCfg = Debug|Any CPU
		{DA87E838-FB93-441A-A6E2-444764FA284E}.Debug|Any CPU.Build.0 = Debug|Any CPU
		{DA87E838-FB93-441A-A6E2-444764FA284E}.Release|Any CPU.ActiveCfg = Release|Any CPU
		{DA87E838-FB93-441A-A6E2-444764FA284E}.Release|Any CPU.Build.0 = Release|Any CPU
	EndGlobalSection
	GlobalSection(SolutionProperties) = preSolution
		HideSolutionNode = FALSE
	EndGlobalSection
EndGlobal
