
Microsoft Visual Studio Solution File, Format Version 12.00
# Visual Studio 15
VisualStudioVersion = 15.0.28307.1022
MinimumVisualStudioVersion = 10.0.40219.1
Project("{FAE04EC0-301F-11D3-BF4B-00C04F79EFBC}") = "GregOsborne.MainToolbar", "GregOsborne.MainToolbar\GregOsborne.MainToolbar.csproj", "{0B82E286-1682-4F06-B54F-061A1C15A016}"
EndProject
Project("{FAE04EC0-301F-11D3-BF4B-00C04F79EFBC}") = "MVVMFramework", "..\..\..\Framework\MVVMFramework\MVVMFramework.csproj", "{DA87E838-FB93-441A-A6E2-444764FA284E}"
EndProject
Project("{FAE04EC0-301F-11D3-BF4B-00C04F79EFBC}") = "Application", "..\..\..\Framework\Application\Application.csproj", "{3D4BDB37-D97E-4CF3-B246-3A3F11AB9D44}"
EndProject
Project("{FAE04EC0-301F-11D3-BF4B-00C04F79EFBC}") = "Ookii.Dialogs.Wpf", "..\..\..\Framework\OkiiDialogs\Ookii.Dialogs.Wpf.csproj", "{D01B1D20-8F5B-4834-8E5C-C7EC6DD587D4}"
EndProject
Project("{FAE04EC0-301F-11D3-BF4B-00C04F79EFBC}") = "Toolbar.Controller", "Toolbar.Controller\Toolbar.Controller.csproj", "{D1E21A73-34AA-4AD3-AC32-CE851949E87C}"
EndProject
Project("{FAE04EC0-301F-11D3-BF4B-00C04F79EFBC}") = "Toolbar.Images", "Toolbar.Images\Toolbar.Images.csproj", "{4EB09790-33D6-4E90-9EE6-A25E8FF50840}"
EndProject
Project("{FAE04EC0-301F-11D3-BF4B-00C04F79EFBC}") = "ApplicationSettings.Addon", "ApplicationSettings.Addon\ApplicationSettings.Addon.csproj", "{27265DF0-C8A6-43E9-9A45-E85D869D09DE}"
EndProject
Global
	GlobalSection(SolutionConfigurationPlatforms) = preSolution
		Debug|Any CPU = Debug|Any CPU
		Debug|x64 = Debug|x64
		Debug|x86 = Debug|x86
		Release|Any CPU = Release|Any CPU
		Release|x64 = Release|x64
		Release|x86 = Release|x86
	EndGlobalSection
	GlobalSection(ProjectConfigurationPlatforms) = postSolution
		{0B82E286-1682-4F06-B54F-061A1C15A016}.Debug|Any CPU.ActiveCfg = Debug|Any CPU
		{0B82E286-1682-4F06-B54F-061A1C15A016}.Debug|Any CPU.Build.0 = Debug|Any CPU
		{0B82E286-1682-4F06-B54F-061A1C15A016}.Debug|x64.ActiveCfg = Debug|Any CPU
		{0B82E286-1682-4F06-B54F-061A1C15A016}.Debug|x64.Build.0 = Debug|Any CPU
		{0B82E286-1682-4F06-B54F-061A1C15A016}.Debug|x86.ActiveCfg = Debug|Any CPU
		{0B82E286-1682-4F06-B54F-061A1C15A016}.Debug|x86.Build.0 = Debug|Any CPU
		{0B82E286-1682-4F06-B54F-061A1C15A016}.Release|Any CPU.ActiveCfg = Release|Any CPU
		{0B82E286-1682-4F06-B54F-061A1C15A016}.Release|Any CPU.Build.0 = Release|Any CPU
		{0B82E286-1682-4F06-B54F-061A1C15A016}.Release|x64.ActiveCfg = Release|Any CPU
		{0B82E286-1682-4F06-B54F-061A1C15A016}.Release|x64.Build.0 = Release|Any CPU
		{0B82E286-1682-4F06-B54F-061A1C15A016}.Release|x86.ActiveCfg = Release|Any CPU
		{0B82E286-1682-4F06-B54F-061A1C15A016}.Release|x86.Build.0 = Release|Any CPU
		{DA87E838-FB93-441A-A6E2-444764FA284E}.Debug|Any CPU.ActiveCfg = Debug|Any CPU
		{DA87E838-FB93-441A-A6E2-444764FA284E}.Debug|Any CPU.Build.0 = Debug|Any CPU
		{DA87E838-FB93-441A-A6E2-444764FA284E}.Debug|x64.ActiveCfg = Debug|x64
		{DA87E838-FB93-441A-A6E2-444764FA284E}.Debug|x64.Build.0 = Debug|x64
		{DA87E838-FB93-441A-A6E2-444764FA284E}.Debug|x86.ActiveCfg = Debug|x86
		{DA87E838-FB93-441A-A6E2-444764FA284E}.Debug|x86.Build.0 = Debug|x86
		{DA87E838-FB93-441A-A6E2-444764FA284E}.Release|Any CPU.ActiveCfg = Release|Any CPU
		{DA87E838-FB93-441A-A6E2-444764FA284E}.Release|Any CPU.Build.0 = Release|Any CPU
		{DA87E838-FB93-441A-A6E2-444764FA284E}.Release|x64.ActiveCfg = Release|x64
		{DA87E838-FB93-441A-A6E2-444764FA284E}.Release|x64.Build.0 = Release|x64
		{DA87E838-FB93-441A-A6E2-444764FA284E}.Release|x86.ActiveCfg = Release|x86
		{DA87E838-FB93-441A-A6E2-444764FA284E}.Release|x86.Build.0 = Release|x86
		{3D4BDB37-D97E-4CF3-B246-3A3F11AB9D44}.Debug|Any CPU.ActiveCfg = Debug|Any CPU
		{3D4BDB37-D97E-4CF3-B246-3A3F11AB9D44}.Debug|Any CPU.Build.0 = Debug|Any CPU
		{3D4BDB37-D97E-4CF3-B246-3A3F11AB9D44}.Debug|x64.ActiveCfg = Debug|x64
		{3D4BDB37-D97E-4CF3-B246-3A3F11AB9D44}.Debug|x64.Build.0 = Debug|x64
		{3D4BDB37-D97E-4CF3-B246-3A3F11AB9D44}.Debug|x86.ActiveCfg = Debug|x86
		{3D4BDB37-D97E-4CF3-B246-3A3F11AB9D44}.Debug|x86.Build.0 = Debug|x86
		{3D4BDB37-D97E-4CF3-B246-3A3F11AB9D44}.Release|Any CPU.ActiveCfg = Release|Any CPU
		{3D4BDB37-D97E-4CF3-B246-3A3F11AB9D44}.Release|Any CPU.Build.0 = Release|Any CPU
		{3D4BDB37-D97E-4CF3-B246-3A3F11AB9D44}.Release|x64.ActiveCfg = Release|x64
		{3D4BDB37-D97E-4CF3-B246-3A3F11AB9D44}.Release|x64.Build.0 = Release|x64
		{3D4BDB37-D97E-4CF3-B246-3A3F11AB9D44}.Release|x86.ActiveCfg = Release|x86
		{3D4BDB37-D97E-4CF3-B246-3A3F11AB9D44}.Release|x86.Build.0 = Release|x86
		{D01B1D20-8F5B-4834-8E5C-C7EC6DD587D4}.Debug|Any CPU.ActiveCfg = Debug|Any CPU
		{D01B1D20-8F5B-4834-8E5C-C7EC6DD587D4}.Debug|Any CPU.Build.0 = Debug|Any CPU
		{D01B1D20-8F5B-4834-8E5C-C7EC6DD587D4}.Debug|x64.ActiveCfg = Debug|x64
		{D01B1D20-8F5B-4834-8E5C-C7EC6DD587D4}.Debug|x64.Build.0 = Debug|x64
		{D01B1D20-8F5B-4834-8E5C-C7EC6DD587D4}.Debug|x86.ActiveCfg = Debug|x86
		{D01B1D20-8F5B-4834-8E5C-C7EC6DD587D4}.Debug|x86.Build.0 = Debug|x86
		{D01B1D20-8F5B-4834-8E5C-C7EC6DD587D4}.Release|Any CPU.ActiveCfg = Release|Any CPU
		{D01B1D20-8F5B-4834-8E5C-C7EC6DD587D4}.Release|Any CPU.Build.0 = Release|Any CPU
		{D01B1D20-8F5B-4834-8E5C-C7EC6DD587D4}.Release|x64.ActiveCfg = Release|x64
		{D01B1D20-8F5B-4834-8E5C-C7EC6DD587D4}.Release|x64.Build.0 = Release|x64
		{D01B1D20-8F5B-4834-8E5C-C7EC6DD587D4}.Release|x86.ActiveCfg = Release|x86
		{D01B1D20-8F5B-4834-8E5C-C7EC6DD587D4}.Release|x86.Build.0 = Release|x86
		{D1E21A73-34AA-4AD3-AC32-CE851949E87C}.Debug|Any CPU.ActiveCfg = Debug|Any CPU
		{D1E21A73-34AA-4AD3-AC32-CE851949E87C}.Debug|Any CPU.Build.0 = Debug|Any CPU
		{D1E21A73-34AA-4AD3-AC32-CE851949E87C}.Debug|x64.ActiveCfg = Debug|Any CPU
		{D1E21A73-34AA-4AD3-AC32-CE851949E87C}.Debug|x64.Build.0 = Debug|Any CPU
		{D1E21A73-34AA-4AD3-AC32-CE851949E87C}.Debug|x86.ActiveCfg = Debug|Any CPU
		{D1E21A73-34AA-4AD3-AC32-CE851949E87C}.Debug|x86.Build.0 = Debug|Any CPU
		{D1E21A73-34AA-4AD3-AC32-CE851949E87C}.Release|Any CPU.ActiveCfg = Release|Any CPU
		{D1E21A73-34AA-4AD3-AC32-CE851949E87C}.Release|Any CPU.Build.0 = Release|Any CPU
		{D1E21A73-34AA-4AD3-AC32-CE851949E87C}.Release|x64.ActiveCfg = Release|Any CPU
		{D1E21A73-34AA-4AD3-AC32-CE851949E87C}.Release|x64.Build.0 = Release|Any CPU
		{D1E21A73-34AA-4AD3-AC32-CE851949E87C}.Release|x86.ActiveCfg = Release|Any CPU
		{D1E21A73-34AA-4AD3-AC32-CE851949E87C}.Release|x86.Build.0 = Release|Any CPU
		{4EB09790-33D6-4E90-9EE6-A25E8FF50840}.Debug|Any CPU.ActiveCfg = Debug|Any CPU
		{4EB09790-33D6-4E90-9EE6-A25E8FF50840}.Debug|Any CPU.Build.0 = Debug|Any CPU
		{4EB09790-33D6-4E90-9EE6-A25E8FF50840}.Debug|x64.ActiveCfg = Debug|Any CPU
		{4EB09790-33D6-4E90-9EE6-A25E8FF50840}.Debug|x64.Build.0 = Debug|Any CPU
		{4EB09790-33D6-4E90-9EE6-A25E8FF50840}.Debug|x86.ActiveCfg = Debug|Any CPU
		{4EB09790-33D6-4E90-9EE6-A25E8FF50840}.Debug|x86.Build.0 = Debug|Any CPU
		{4EB09790-33D6-4E90-9EE6-A25E8FF50840}.Release|Any CPU.ActiveCfg = Release|Any CPU
		{4EB09790-33D6-4E90-9EE6-A25E8FF50840}.Release|Any CPU.Build.0 = Release|Any CPU
		{4EB09790-33D6-4E90-9EE6-A25E8FF50840}.Release|x64.ActiveCfg = Release|Any CPU
		{4EB09790-33D6-4E90-9EE6-A25E8FF50840}.Release|x64.Build.0 = Release|Any CPU
		{4EB09790-33D6-4E90-9EE6-A25E8FF50840}.Release|x86.ActiveCfg = Release|Any CPU
		{4EB09790-33D6-4E90-9EE6-A25E8FF50840}.Release|x86.Build.0 = Release|Any CPU
		{27265DF0-C8A6-43E9-9A45-E85D869D09DE}.Debug|Any CPU.ActiveCfg = Debug|Any CPU
		{27265DF0-C8A6-43E9-9A45-E85D869D09DE}.Debug|Any CPU.Build.0 = Debug|Any CPU
		{27265DF0-C8A6-43E9-9A45-E85D869D09DE}.Debug|x64.ActiveCfg = Debug|Any CPU
		{27265DF0-C8A6-43E9-9A45-E85D869D09DE}.Debug|x64.Build.0 = Debug|Any CPU
		{27265DF0-C8A6-43E9-9A45-E85D869D09DE}.Debug|x86.ActiveCfg = Debug|Any CPU
		{27265DF0-C8A6-43E9-9A45-E85D869D09DE}.Debug|x86.Build.0 = Debug|Any CPU
		{27265DF0-C8A6-43E9-9A45-E85D869D09DE}.Release|Any CPU.ActiveCfg = Release|Any CPU
		{27265DF0-C8A6-43E9-9A45-E85D869D09DE}.Release|Any CPU.Build.0 = Release|Any CPU
		{27265DF0-C8A6-43E9-9A45-E85D869D09DE}.Release|x64.ActiveCfg = Release|Any CPU
		{27265DF0-C8A6-43E9-9A45-E85D869D09DE}.Release|x64.Build.0 = Release|Any CPU
		{27265DF0-C8A6-43E9-9A45-E85D869D09DE}.Release|x86.ActiveCfg = Release|Any CPU
		{27265DF0-C8A6-43E9-9A45-E85D869D09DE}.Release|x86.Build.0 = Release|Any CPU
	EndGlobalSection
	GlobalSection(SolutionProperties) = preSolution
		HideSolutionNode = FALSE
	EndGlobalSection
	GlobalSection(ExtensibilityGlobals) = postSolution
		SolutionGuid = {EA4D9426-9F30-4F34-A913-04B5B4EE97E9}
	EndGlobalSection
	GlobalSection(TeamFoundationVersionControl) = preSolution
		SccNumberOfProjects = 8
		SccEnterpriseProvider = {4CA58AB2-18FA-4F8D-95D4-32DDF27D184C}
		SccTeamFoundationServer = https://gdosborne.visualstudio.com/
		SccLocalPath0 = .
		SccProjectUniqueName1 = GregOsborne.MainToolbar\\GregOsborne.MainToolbar.csproj
		SccProjectName1 = GregOsborne.MainToolbar
		SccLocalPath1 = GregOsborne.MainToolbar
		SccProjectUniqueName2 = ..\\..\\..\\Framework\\MVVMFramework\\MVVMFramework.csproj
		SccProjectName2 = ../../../Framework/MVVMFramework
		SccLocalPath2 = ..\\..\\..\\Framework\\MVVMFramework
		SccProjectUniqueName3 = ..\\..\\..\\Framework\\Application\\Application.csproj
		SccProjectName3 = ../../../Framework/Application
		SccLocalPath3 = ..\\..\\..\\Framework\\Application
		SccProjectUniqueName4 = ..\\..\\..\\Framework\\OkiiDialogs\\Ookii.Dialogs.Wpf.csproj
		SccProjectName4 = ../../../Framework/OkiiDialogs
		SccLocalPath4 = ..\\..\\..\\Framework\\OkiiDialogs
		SccProjectUniqueName5 = Toolbar.Controller\\Toolbar.Controller.csproj
		SccProjectName5 = Toolbar.Controller
		SccLocalPath5 = Toolbar.Controller
		SccProjectUniqueName6 = Toolbar.Images\\Toolbar.Images.csproj
		SccProjectName6 = Toolbar.Images
		SccLocalPath6 = Toolbar.Images
		SccProjectUniqueName7 = ApplicationSettings.Addon\\ApplicationSettings.Addon.csproj
		SccProjectName7 = ApplicationSettings.Addon
		SccLocalPath7 = ApplicationSettings.Addon
	EndGlobalSection
EndGlobal
